
Microsoft Visual Studio Solution File, Format Version 12.00
# Visual Studio Version 17
VisualStudioVersion = 17.14.36203.30
MinimumVisualStudioVersion = 10.0.40219.1
Project("{2150E333-8FDC-42A3-9474-1A3956D46DE8}") = "Solution Items", "Solution Items", "{02EA681E-C7D8-13C7-8484-4AC65E1B71E8}"
	ProjectSection(SolutionItems) = preProject
		.editorconfig = .editorconfig
		code-analysis.props = code-analysis.props
		devlog.md = devlog.md
		Directory.Build.props = Directory.Build.props
		Directory.Packages.props = Directory.Packages.props
		LICENSE.txt = LICENSE.txt
		README.md = README.md
		stylecop.json = stylecop.json
	EndProjectSection
EndProject
Project("{2150E333-8FDC-42A3-9474-1A3956D46DE8}") = "infra", "infra", "{0A6758B4-9689-498B-A8A6-EC76CCA22A86}"
EndProject
Project("{FAE04EC0-301F-11D3-BF4B-00C04F79EFBC}") = "MoAI.Infra.Shared", "src\infra\MoAI.Infra.Shared\MoAI.Infra.Shared.csproj", "{97E951DA-0F14-4665-A8C1-83AC76629522}"
EndProject
Project("{2150E333-8FDC-42A3-9474-1A3956D46DE8}") = "tool", "tool", "{D41D58C8-370B-4BBD-A300-EDA13CC7C99D}"
EndProject
Project("{FAE04EC0-301F-11D3-BF4B-00C04F79EFBC}") = "MysqlScaffold", "tool\MysqlScaffold\MysqlScaffold.csproj", "{8485660E-313A-3516-D9C6-87D88A776529}"
EndProject
Project("{2150E333-8FDC-42A3-9474-1A3956D46DE8}") = "database", "database", "{39FF9467-EBF6-4E16-97AA-8DECF3517A73}"
EndProject
Project("{FAE04EC0-301F-11D3-BF4B-00C04F79EFBC}") = "MoAI.Database.Shared", "src\database\MoAI.Database.Shared\MoAI.Database.Shared.csproj", "{7BDFD5C4-ACDE-43F6-ACA0-1690F21C7010}"
EndProject
Project("{FAE04EC0-301F-11D3-BF4B-00C04F79EFBC}") = "MoAI.Infra.Configuration", "src\infra\MoAI.Infra.Configuration.Shared\MoAI.Infra.Configuration.csproj", "{771C0E77-EBF1-4E09-B3CD-EA453355EA25}"
EndProject
Project("{FAE04EC0-301F-11D3-BF4B-00C04F79EFBC}") = "MoAI.Infra.Core", "src\infra\MoAI.Infra.Core\MoAI.Infra.Core.csproj", "{93EC12A9-D8BF-4939-900A-4C376CEDFA42}"
EndProject
Project("{FAE04EC0-301F-11D3-BF4B-00C04F79EFBC}") = "MoAI.Database.Core", "src\database\MoAI.Database.Core\MoAI.Database.Core.csproj", "{80963D74-F666-470A-AE80-AFB3450A333B}"
EndProject
Project("{FAE04EC0-301F-11D3-BF4B-00C04F79EFBC}") = "MoAI.Database.Mysql", "src\database\MoAI.Database.Mysql\MoAI.Database.Mysql.csproj", "{960FDFC9-6B3F-4B39-A9C2-F0022B10B575}"
EndProject
Project("{FAE04EC0-301F-11D3-BF4B-00C04F79EFBC}") = "MoAI.Infra.Api", "src\infra\MoAI.Infra.Api\MoAI.Infra.Api.csproj", "{8A783AF9-30CB-40F6-B0E8-A1A541CD1E6D}"
EndProject
Project("{FAE04EC0-301F-11D3-BF4B-00C04F79EFBC}") = "MoAI.Database.Sqlite", "src\database\MoAI.Database.Sqlite\MoAI.Database.Sqlite.csproj", "{E5EC6143-087E-4FE5-A2C1-0C7CE009971E}"
EndProject
Project("{FAE04EC0-301F-11D3-BF4B-00C04F79EFBC}") = "MoAI.Public.Shared", "src\public\MoAI.Public.Shared\MoAI.Public.Shared.csproj", "{0088BC11-DBA3-472C-8937-196497E57423}"
EndProject
Project("{2150E333-8FDC-42A3-9474-1A3956D46DE8}") = "public", "public", "{0ECCEF61-D0A7-49D6-8E0F-040C0F96764E}"
EndProject
Project("{FAE04EC0-301F-11D3-BF4B-00C04F79EFBC}") = "MoAI.Public.Api", "src\public\MoAI.Public.Api\MoAI.Public.Api.csproj", "{3E9ECF99-8B07-4388-82D4-DDE5A186112F}"
EndProject
Project("{FAE04EC0-301F-11D3-BF4B-00C04F79EFBC}") = "MoAI.Public.Core", "src\public\MoAI.Public.Core\MoAI.Public.Core.csproj", "{02CC9667-8991-4396-BC93-D20E229A9CEB}"
EndProject
Project("{FAE04EC0-301F-11D3-BF4B-00C04F79EFBC}") = "MoAI", "src\MoAI\MoAI.csproj", "{3B74DCBE-891C-4336-BDD5-5815961787FB}"
EndProject
Project("{2150E333-8FDC-42A3-9474-1A3956D46DE8}") = "storage", "storage", "{E4C14166-D84C-475A-8FD9-E570413F35D2}"
EndProject
Project("{FAE04EC0-301F-11D3-BF4B-00C04F79EFBC}") = "MoAI.Storage.Shared", "src\storage\MoAI.Storage.Shared\MoAI.Storage.Shared.csproj", "{3CAED798-4394-4CC9-9943-1F585C89D448}"
EndProject
Project("{FAE04EC0-301F-11D3-BF4B-00C04F79EFBC}") = "MoAI.Store.Api", "src\storage\MoAI.Store.Api\MoAI.Store.Api.csproj", "{EB7B9196-82FD-4863-B10A-D52DA58F5BAD}"
EndProject
Project("{FAE04EC0-301F-11D3-BF4B-00C04F79EFBC}") = "MoAI.Storage.Core", "src\storage\MoAI.Storage.Core\MoAI.Storage.Core.csproj", "{9653298A-4C05-4691-A6AE-AE57F05DA67B}"
EndProject
Global
	GlobalSection(SolutionConfigurationPlatforms) = preSolution
		Debug|Any CPU = Debug|Any CPU
		Release|Any CPU = Release|Any CPU
	EndGlobalSection
	GlobalSection(ProjectConfigurationPlatforms) = postSolution
		{97E951DA-0F14-4665-A8C1-83AC76629522}.Debug|Any CPU.ActiveCfg = Debug|Any CPU
		{97E951DA-0F14-4665-A8C1-83AC76629522}.Debug|Any CPU.Build.0 = Debug|Any CPU
		{97E951DA-0F14-4665-A8C1-83AC76629522}.Release|Any CPU.ActiveCfg = Release|Any CPU
		{97E951DA-0F14-4665-A8C1-83AC76629522}.Release|Any CPU.Build.0 = Release|Any CPU
		{8485660E-313A-3516-D9C6-87D88A776529}.Debug|Any CPU.ActiveCfg = Debug|Any CPU
		{8485660E-313A-3516-D9C6-87D88A776529}.Debug|Any CPU.Build.0 = Debug|Any CPU
		{8485660E-313A-3516-D9C6-87D88A776529}.Release|Any CPU.ActiveCfg = Release|Any CPU
		{8485660E-313A-3516-D9C6-87D88A776529}.Release|Any CPU.Build.0 = Release|Any CPU
		{7BDFD5C4-ACDE-43F6-ACA0-1690F21C7010}.Debug|Any CPU.ActiveCfg = Debug|Any CPU
		{7BDFD5C4-ACDE-43F6-ACA0-1690F21C7010}.Debug|Any CPU.Build.0 = Debug|Any CPU
		{7BDFD5C4-ACDE-43F6-ACA0-1690F21C7010}.Release|Any CPU.ActiveCfg = Release|Any CPU
		{7BDFD5C4-ACDE-43F6-ACA0-1690F21C7010}.Release|Any CPU.Build.0 = Release|Any CPU
		{771C0E77-EBF1-4E09-B3CD-EA453355EA25}.Debug|Any CPU.ActiveCfg = Debug|Any CPU
		{771C0E77-EBF1-4E09-B3CD-EA453355EA25}.Debug|Any CPU.Build.0 = Debug|Any CPU
		{771C0E77-EBF1-4E09-B3CD-EA453355EA25}.Release|Any CPU.ActiveCfg = Release|Any CPU
		{771C0E77-EBF1-4E09-B3CD-EA453355EA25}.Release|Any CPU.Build.0 = Release|Any CPU
		{93EC12A9-D8BF-4939-900A-4C376CEDFA42}.Debug|Any CPU.ActiveCfg = Debug|Any CPU
		{93EC12A9-D8BF-4939-900A-4C376CEDFA42}.Debug|Any CPU.Build.0 = Debug|Any CPU
		{93EC12A9-D8BF-4939-900A-4C376CEDFA42}.Release|Any CPU.ActiveCfg = Release|Any CPU
		{93EC12A9-D8BF-4939-900A-4C376CEDFA42}.Release|Any CPU.Build.0 = Release|Any CPU
		{80963D74-F666-470A-AE80-AFB3450A333B}.Debug|Any CPU.ActiveCfg = Debug|Any CPU
		{80963D74-F666-470A-AE80-AFB3450A333B}.Debug|Any CPU.Build.0 = Debug|Any CPU
		{80963D74-F666-470A-AE80-AFB3450A333B}.Release|Any CPU.ActiveCfg = Release|Any CPU
		{80963D74-F666-470A-AE80-AFB3450A333B}.Release|Any CPU.Build.0 = Release|Any CPU
		{960FDFC9-6B3F-4B39-A9C2-F0022B10B575}.Debug|Any CPU.ActiveCfg = Debug|Any CPU
		{960FDFC9-6B3F-4B39-A9C2-F0022B10B575}.Debug|Any CPU.Build.0 = Debug|Any CPU
		{960FDFC9-6B3F-4B39-A9C2-F0022B10B575}.Release|Any CPU.ActiveCfg = Release|Any CPU
		{960FDFC9-6B3F-4B39-A9C2-F0022B10B575}.Release|Any CPU.Build.0 = Release|Any CPU
		{8A783AF9-30CB-40F6-B0E8-A1A541CD1E6D}.Debug|Any CPU.ActiveCfg = Debug|Any CPU
		{8A783AF9-30CB-40F6-B0E8-A1A541CD1E6D}.Debug|Any CPU.Build.0 = Debug|Any CPU
		{8A783AF9-30CB-40F6-B0E8-A1A541CD1E6D}.Release|Any CPU.ActiveCfg = Release|Any CPU
		{8A783AF9-30CB-40F6-B0E8-A1A541CD1E6D}.Release|Any CPU.Build.0 = Release|Any CPU
		{E5EC6143-087E-4FE5-A2C1-0C7CE009971E}.Debug|Any CPU.ActiveCfg = Debug|Any CPU
		{E5EC6143-087E-4FE5-A2C1-0C7CE009971E}.Debug|Any CPU.Build.0 = Debug|Any CPU
		{E5EC6143-087E-4FE5-A2C1-0C7CE009971E}.Release|Any CPU.ActiveCfg = Release|Any CPU
		{E5EC6143-087E-4FE5-A2C1-0C7CE009971E}.Release|Any CPU.Build.0 = Release|Any CPU
		{0088BC11-DBA3-472C-8937-196497E57423}.Debug|Any CPU.ActiveCfg = Debug|Any CPU
		{0088BC11-DBA3-472C-8937-196497E57423}.Debug|Any CPU.Build.0 = Debug|Any CPU
		{0088BC11-DBA3-472C-8937-196497E57423}.Release|Any CPU.ActiveCfg = Release|Any CPU
		{0088BC11-DBA3-472C-8937-196497E57423}.Release|Any CPU.Build.0 = Release|Any CPU
		{3E9ECF99-8B07-4388-82D4-DDE5A186112F}.Debug|Any CPU.ActiveCfg = Debug|Any CPU
		{3E9ECF99-8B07-4388-82D4-DDE5A186112F}.Debug|Any CPU.Build.0 = Debug|Any CPU
		{3E9ECF99-8B07-4388-82D4-DDE5A186112F}.Release|Any CPU.ActiveCfg = Release|Any CPU
		{3E9ECF99-8B07-4388-82D4-DDE5A186112F}.Release|Any CPU.Build.0 = Release|Any CPU
		{02CC9667-8991-4396-BC93-D20E229A9CEB}.Debug|Any CPU.ActiveCfg = Debug|Any CPU
		{02CC9667-8991-4396-BC93-D20E229A9CEB}.Debug|Any CPU.Build.0 = Debug|Any CPU
		{02CC9667-8991-4396-BC93-D20E229A9CEB}.Release|Any CPU.ActiveCfg = Release|Any CPU
		{02CC9667-8991-4396-BC93-D20E229A9CEB}.Release|Any CPU.Build.0 = Release|Any CPU
		{3B74DCBE-891C-4336-BDD5-5815961787FB}.Debug|Any CPU.ActiveCfg = Debug|Any CPU
		{3B74DCBE-891C-4336-BDD5-5815961787FB}.Debug|Any CPU.Build.0 = Debug|Any CPU
		{3B74DCBE-891C-4336-BDD5-5815961787FB}.Release|Any CPU.ActiveCfg = Release|Any CPU
		{3B74DCBE-891C-4336-BDD5-5815961787FB}.Release|Any CPU.Build.0 = Release|Any CPU
		{3CAED798-4394-4CC9-9943-1F585C89D448}.Debug|Any CPU.ActiveCfg = Debug|Any CPU
		{3CAED798-4394-4CC9-9943-1F585C89D448}.Debug|Any CPU.Build.0 = Debug|Any CPU
		{3CAED798-4394-4CC9-9943-1F585C89D448}.Release|Any CPU.ActiveCfg = Release|Any CPU
		{3CAED798-4394-4CC9-9943-1F585C89D448}.Release|Any CPU.Build.0 = Release|Any CPU
		{EB7B9196-82FD-4863-B10A-D52DA58F5BAD}.Debug|Any CPU.ActiveCfg = Debug|Any CPU
		{EB7B9196-82FD-4863-B10A-D52DA58F5BAD}.Debug|Any CPU.Build.0 = Debug|Any CPU
		{EB7B9196-82FD-4863-B10A-D52DA58F5BAD}.Release|Any CPU.ActiveCfg = Release|Any CPU
		{EB7B9196-82FD-4863-B10A-D52DA58F5BAD}.Release|Any CPU.Build.0 = Release|Any CPU
		{9653298A-4C05-4691-A6AE-AE57F05DA67B}.Debug|Any CPU.ActiveCfg = Debug|Any CPU
		{9653298A-4C05-4691-A6AE-AE57F05DA67B}.Debug|Any CPU.Build.0 = Debug|Any CPU
		{9653298A-4C05-4691-A6AE-AE57F05DA67B}.Release|Any CPU.ActiveCfg = Release|Any CPU
		{9653298A-4C05-4691-A6AE-AE57F05DA67B}.Release|Any CPU.Build.0 = Release|Any CPU
	EndGlobalSection
	GlobalSection(SolutionProperties) = preSolution
		HideSolutionNode = FALSE
	EndGlobalSection
	GlobalSection(NestedProjects) = preSolution
		{97E951DA-0F14-4665-A8C1-83AC76629522} = {0A6758B4-9689-498B-A8A6-EC76CCA22A86}
		{8485660E-313A-3516-D9C6-87D88A776529} = {D41D58C8-370B-4BBD-A300-EDA13CC7C99D}
		{7BDFD5C4-ACDE-43F6-ACA0-1690F21C7010} = {39FF9467-EBF6-4E16-97AA-8DECF3517A73}
		{771C0E77-EBF1-4E09-B3CD-EA453355EA25} = {0A6758B4-9689-498B-A8A6-EC76CCA22A86}
		{93EC12A9-D8BF-4939-900A-4C376CEDFA42} = {0A6758B4-9689-498B-A8A6-EC76CCA22A86}
		{80963D74-F666-470A-AE80-AFB3450A333B} = {39FF9467-EBF6-4E16-97AA-8DECF3517A73}
		{960FDFC9-6B3F-4B39-A9C2-F0022B10B575} = {39FF9467-EBF6-4E16-97AA-8DECF3517A73}
		{8A783AF9-30CB-40F6-B0E8-A1A541CD1E6D} = {0A6758B4-9689-498B-A8A6-EC76CCA22A86}
		{E5EC6143-087E-4FE5-A2C1-0C7CE009971E} = {39FF9467-EBF6-4E16-97AA-8DECF3517A73}
		{0088BC11-DBA3-472C-8937-196497E57423} = {0ECCEF61-D0A7-49D6-8E0F-040C0F96764E}
		{3E9ECF99-8B07-4388-82D4-DDE5A186112F} = {0ECCEF61-D0A7-49D6-8E0F-040C0F96764E}
		{02CC9667-8991-4396-BC93-D20E229A9CEB} = {0ECCEF61-D0A7-49D6-8E0F-040C0F96764E}
		{3CAED798-4394-4CC9-9943-1F585C89D448} = {E4C14166-D84C-475A-8FD9-E570413F35D2}
		{EB7B9196-82FD-4863-B10A-D52DA58F5BAD} = {E4C14166-D84C-475A-8FD9-E570413F35D2}
		{9653298A-4C05-4691-A6AE-AE57F05DA67B} = {E4C14166-D84C-475A-8FD9-E570413F35D2}
	EndGlobalSection
	GlobalSection(ExtensibilityGlobals) = postSolution
		SolutionGuid = {B16D43C7-ED65-4A2E-9AE5-F3660DDC7334}
	EndGlobalSection
EndGlobal
