
Microsoft Visual Studio Solution File, Format Version 12.00
# Visual Studio Version 18
VisualStudioVersion = 18.0.11205.157
MinimumVisualStudioVersion = 10.0.40219.1
Project("{2150E333-8FDC-42A3-9474-1A3956D46DE8}") = "Solution Items", "Solution Items", "{02EA681E-C7D8-13C7-8484-4AC65E1B71E8}"
	ProjectSection(SolutionItems) = preProject
		.editorconfig = .editorconfig
		code-analysis.props = code-analysis.props
		devlog.md = devlog.md
		Directory.Build.props = Directory.Build.props
		Directory.Packages.props = Directory.Packages.props
		LICENSE.txt = LICENSE.txt
		README.md = README.md
		stylecop.json = stylecop.json
	EndProjectSection
EndProject
Project("{2150E333-8FDC-42A3-9474-1A3956D46DE8}") = "infra", "infra", "{0A6758B4-9689-498B-A8A6-EC76CCA22A86}"
EndProject
Project("{FAE04EC0-301F-11D3-BF4B-00C04F79EFBC}") = "MoAI.Infra.Shared", "src\infra\MoAI.Infra.Shared\MoAI.Infra.Shared.csproj", "{97E951DA-0F14-4665-A8C1-83AC76629522}"
EndProject
Project("{2150E333-8FDC-42A3-9474-1A3956D46DE8}") = "tool", "tool", "{D41D58C8-370B-4BBD-A300-EDA13CC7C99D}"
EndProject
Project("{FAE04EC0-301F-11D3-BF4B-00C04F79EFBC}") = "MysqlScaffold", "tool\MysqlScaffold\MysqlScaffold.csproj", "{8485660E-313A-3516-D9C6-87D88A776529}"
EndProject
Project("{2150E333-8FDC-42A3-9474-1A3956D46DE8}") = "database", "database", "{39FF9467-EBF6-4E16-97AA-8DECF3517A73}"
EndProject
Project("{FAE04EC0-301F-11D3-BF4B-00C04F79EFBC}") = "MoAI.Database.Shared", "src\database\MoAI.Database.Shared\MoAI.Database.Shared.csproj", "{7BDFD5C4-ACDE-43F6-ACA0-1690F21C7010}"
EndProject
Project("{FAE04EC0-301F-11D3-BF4B-00C04F79EFBC}") = "MoAI.Infra.Configuration", "src\infra\MoAI.Infra.Configuration.Shared\MoAI.Infra.Configuration.csproj", "{771C0E77-EBF1-4E09-B3CD-EA453355EA25}"
EndProject
Project("{FAE04EC0-301F-11D3-BF4B-00C04F79EFBC}") = "MoAI.Infra.Core", "src\infra\MoAI.Infra.Core\MoAI.Infra.Core.csproj", "{93EC12A9-D8BF-4939-900A-4C376CEDFA42}"
EndProject
Project("{FAE04EC0-301F-11D3-BF4B-00C04F79EFBC}") = "MoAI.Database.Core", "src\database\MoAI.Database.Core\MoAI.Database.Core.csproj", "{80963D74-F666-470A-AE80-AFB3450A333B}"
EndProject
Project("{FAE04EC0-301F-11D3-BF4B-00C04F79EFBC}") = "MoAI.Database.Mysql", "src\database\MoAI.Database.Mysql\MoAI.Database.Mysql.csproj", "{960FDFC9-6B3F-4B39-A9C2-F0022B10B575}"
EndProject
Project("{FAE04EC0-301F-11D3-BF4B-00C04F79EFBC}") = "MoAI.Infra.Api", "src\infra\MoAI.Infra.Api\MoAI.Infra.Api.csproj", "{8A783AF9-30CB-40F6-B0E8-A1A541CD1E6D}"
EndProject
Project("{FAE04EC0-301F-11D3-BF4B-00C04F79EFBC}") = "MoAI.Common.Shared", "src\common\MoAI.Common.Shared\MoAI.Common.Shared.csproj", "{0088BC11-DBA3-472C-8937-196497E57423}"
EndProject
Project("{2150E333-8FDC-42A3-9474-1A3956D46DE8}") = "common", "common", "{0ECCEF61-D0A7-49D6-8E0F-040C0F96764E}"
EndProject
Project("{FAE04EC0-301F-11D3-BF4B-00C04F79EFBC}") = "MoAI.Common.Api", "src\common\MoAI.Common.Api\MoAI.Common.Api.csproj", "{3E9ECF99-8B07-4388-82D4-DDE5A186112F}"
EndProject
Project("{FAE04EC0-301F-11D3-BF4B-00C04F79EFBC}") = "MoAI.Common.Core", "src\common\MoAI.Common.Core\MoAI.Common.Core.csproj", "{02CC9667-8991-4396-BC93-D20E229A9CEB}"
EndProject
Project("{FAE04EC0-301F-11D3-BF4B-00C04F79EFBC}") = "MoAI", "src\MoAI\MoAI.csproj", "{3B74DCBE-891C-4336-BDD5-5815961787FB}"
EndProject
Project("{2150E333-8FDC-42A3-9474-1A3956D46DE8}") = "storage", "storage", "{E4C14166-D84C-475A-8FD9-E570413F35D2}"
EndProject
Project("{FAE04EC0-301F-11D3-BF4B-00C04F79EFBC}") = "MoAI.Storage.Shared", "src\storage\MoAI.Storage.Shared\MoAI.Storage.Shared.csproj", "{3CAED798-4394-4CC9-9943-1F585C89D448}"
EndProject
Project("{FAE04EC0-301F-11D3-BF4B-00C04F79EFBC}") = "MoAI.Storage.Api", "src\storage\MoAI.Storage.Api\MoAI.Storage.Api.csproj", "{EB7B9196-82FD-4863-B10A-D52DA58F5BAD}"
EndProject
Project("{FAE04EC0-301F-11D3-BF4B-00C04F79EFBC}") = "MoAI.Storage.Core", "src\storage\MoAI.Storage.Core\MoAI.Storage.Core.csproj", "{9653298A-4C05-4691-A6AE-AE57F05DA67B}"
EndProject
Project("{FAE04EC0-301F-11D3-BF4B-00C04F79EFBC}") = "MoAI.Storage.S3", "src\storage\MoAI.Storage.S3\MoAI.Storage.S3.csproj", "{C0C371F5-B479-40F6-81CE-A753A967E99B}"
EndProject
Project("{FAE04EC0-301F-11D3-BF4B-00C04F79EFBC}") = "MoAI.Storage.Local", "src\storage\MoAI.Storage.Local\MoAI.Storage.Local.csproj", "{D69405DA-FDE6-4811-8B12-A9AA85A514F6}"
EndProject
Project("{2150E333-8FDC-42A3-9474-1A3956D46DE8}") = "user", "user", "{B3374A84-387D-4FD1-98DA-0C0A39C9E7D4}"
EndProject
Project("{2150E333-8FDC-42A3-9474-1A3956D46DE8}") = "login", "login", "{9D8C4548-6B4C-4C3B-BEA0-B76E228A07CB}"
EndProject
Project("{FAE04EC0-301F-11D3-BF4B-00C04F79EFBC}") = "MoAI.Login.Shared", "src\login\MoAI.Login.Shared\MoAI.Login.Shared.csproj", "{7A667D0F-49DD-4003-8E2E-A8090F5D410E}"
EndProject
Project("{FAE04EC0-301F-11D3-BF4B-00C04F79EFBC}") = "MoAI.Login.Core", "src\login\MoAI.Login.Core\MoAI.Login.Core.csproj", "{4F9E4D8D-7074-42F1-86CD-482200A945AB}"
EndProject
Project("{FAE04EC0-301F-11D3-BF4B-00C04F79EFBC}") = "MoAI.Login.Api", "src\login\MoAI.Login.Api\MoAI.Login.Api.csproj", "{87C7282C-8F7B-4B5B-B388-BECA33A603A2}"
EndProject
Project("{2150E333-8FDC-42A3-9474-1A3956D46DE8}") = "src", "src", "{821C7B98-83D8-4164-9C89-4C6B27287D33}"
EndProject
Project("{2150E333-8FDC-42A3-9474-1A3956D46DE8}") = "admin", "admin", "{AA88CCE9-B014-4A62-B426-9B3196A30E92}"
EndProject
Project("{FAE04EC0-301F-11D3-BF4B-00C04F79EFBC}") = "MoAI.Admin.Shared", "src\admin\MoAI.Admin.Shared\MoAI.Admin.Shared.csproj", "{1C9D7E4F-94E9-4D44-AA61-B516BC406DE9}"
EndProject
Project("{FAE04EC0-301F-11D3-BF4B-00C04F79EFBC}") = "MoAI.Admin.Core", "src\admin\MoAI.Admin.Core\MoAI.Admin.Core.csproj", "{C4753EA1-2C1D-43ED-8FF9-10C7DE7162CC}"
EndProject
Project("{FAE04EC0-301F-11D3-BF4B-00C04F79EFBC}") = "MoAI.Admin.Api", "src\admin\MoAI.Admin.Api\MoAI.Admin.Api.csproj", "{C08B18EF-3862-46BD-8960-819D5A264628}"
EndProject
Project("{FAE04EC0-301F-11D3-BF4B-00C04F79EFBC}") = "MoAI.User.Shared", "src\user\MoAI.User.Shared\MoAI.User.Shared.csproj", "{0289FDFC-DA54-4370-BB35-200920D05D89}"
EndProject
Project("{FAE04EC0-301F-11D3-BF4B-00C04F79EFBC}") = "MoAI.User.Core", "src\user\MoAI.User.Core\MoAI.User.Core.csproj", "{CA85CB5A-996D-40FE-A6F9-97C9A0F6AB33}"
EndProject
Project("{FAE04EC0-301F-11D3-BF4B-00C04F79EFBC}") = "MoAI.Infra.ExternalHttp", "src\infra\MoAI.Infra.ExternalHttp\MoAI.Infra.ExternalHttp.csproj", "{6E1C2347-9C9E-44FB-A8C5-6082C3A5498D}"
EndProject
Project("{FAE04EC0-301F-11D3-BF4B-00C04F79EFBC}") = "MoAI.User.Api", "src\user\MoAI.User.Api\MoAI.User.Api.csproj", "{E6E52B4D-E70F-4B15-982E-5B36AC9AD616}"
EndProject
Project("{FAE04EC0-301F-11D3-BF4B-00C04F79EFBC}") = "MoAI.AiModel.Shared", "src\aimodel\MoAI.AiModel.Shared\MoAI.AiModel.Shared.csproj", "{40A4A9B3-DDE2-4113-AD4C-6EDA4414BEFF}"
EndProject
Project("{2150E333-8FDC-42A3-9474-1A3956D46DE8}") = "aimodel", "aimodel", "{81F267A8-48A6-4F96-AE27-B9EF63315F00}"
EndProject
Project("{FAE04EC0-301F-11D3-BF4B-00C04F79EFBC}") = "MoAI.AiModel.Api", "src\aimodel\MoAI.AiModel.Api\MoAI.AiModel.Api.csproj", "{466E2CB1-9663-452B-98F9-BD5DD8189AD6}"
EndProject
Project("{FAE04EC0-301F-11D3-BF4B-00C04F79EFBC}") = "MoAI.AiModel.Core", "src\aimodel\MoAI.AiModel.Core\MoAI.AiModel.Core.csproj", "{42F35976-1AB5-4A34-A3CD-065B44E8D09E}"
EndProject
Project("{FAE04EC0-301F-11D3-BF4B-00C04F79EFBC}") = "MoAI.Wiki.Shared", "src\wiki\MoAI.Wiki.Shared\MoAI.Wiki.Shared.csproj", "{CF5515F7-49F8-4880-B40D-2B31545DF454}"
EndProject
Project("{2150E333-8FDC-42A3-9474-1A3956D46DE8}") = "wiki", "wiki", "{69185549-7638-4790-AC75-C5EA24DA70FB}"
EndProject
Project("{FAE04EC0-301F-11D3-BF4B-00C04F79EFBC}") = "MoAI.Wiki.Api", "src\wiki\MoAI.Wiki.Api\MoAI.Wiki.Api.csproj", "{CEAC1DA2-4AD0-449F-83B2-53EC108F5DC8}"
EndProject
Project("{FAE04EC0-301F-11D3-BF4B-00C04F79EFBC}") = "MoAI.Wiki.Core", "src\wiki\MoAI.Wiki.Core\MoAI.Wiki.Core.csproj", "{4AC5A86A-8891-45D9-B224-F3A9A3D7C802}"
EndProject
Project("{2150E333-8FDC-42A3-9474-1A3956D46DE8}") = "prompt", "prompt", "{FD901AB6-E4C7-4F2E-8CD0-A261A4042B6A}"
EndProject
Project("{FAE04EC0-301F-11D3-BF4B-00C04F79EFBC}") = "MoAI.Prompt.Shared", "src\prompt\MoAI.Prompt.Shared\MoAI.Prompt.Shared.csproj", "{3DF4E3D2-0CC9-43CA-BBFA-6A478DFEE15A}"
EndProject
Project("{FAE04EC0-301F-11D3-BF4B-00C04F79EFBC}") = "MoAI.Prompt.Api", "src\prompt\MoAI.Prompt.Api\MoAI.Prompt.Api.csproj", "{069F4970-A261-435C-BC6C-34EB75BF45C0}"
EndProject
Project("{FAE04EC0-301F-11D3-BF4B-00C04F79EFBC}") = "MoAI.Prompt.Core", "src\prompt\MoAI.Prompt.Core\MoAI.Prompt.Core.csproj", "{3DA08FC5-5D5A-4BCB-94E9-A51DBA6A683B}"
EndProject
Project("{2150E333-8FDC-42A3-9474-1A3956D46DE8}") = "plugin", "plugin", "{5CCD254A-9A42-44FE-8E06-5C7E9D49FBAD}"
EndProject
Project("{FAE04EC0-301F-11D3-BF4B-00C04F79EFBC}") = "MoAI.Plugin.Shared", "src\plugin\MoAI.Plugin.Shared\MoAI.Plugin.Shared.csproj", "{473875C6-A3F2-4398-9A9F-F8C917890B5E}"
EndProject
Project("{FAE04EC0-301F-11D3-BF4B-00C04F79EFBC}") = "MoAI.Plugin.Core", "src\plugin\MoAI.Plugin.Core\MoAI.Plugin.Core.csproj", "{66EE0AB8-4BB5-4369-8062-A0BC7CE86407}"
EndProject
Project("{FAE04EC0-301F-11D3-BF4B-00C04F79EFBC}") = "MoAI.Plugin.Api", "src\plugin\MoAI.Plugin.Api\MoAI.Plugin.Api.csproj", "{C755B959-B532-4FA8-99F8-D2F1B907555E}"
EndProject
Project("{2150E333-8FDC-42A3-9474-1A3956D46DE8}") = "ai", "ai", "{5277F86D-5975-4C93-B2E5-9990B4C9577E}"
EndProject
Project("{FAE04EC0-301F-11D3-BF4B-00C04F79EFBC}") = "MoAI.AI.Shared", "src\ai\MoAI.AI.Shared\MoAI.AI.Shared.csproj", "{FE3AA451-D31D-4879-BD9C-05F00D6E1297}"
EndProject
Project("{FAE04EC0-301F-11D3-BF4B-00C04F79EFBC}") = "MoAI.AI.Core", "src\ai\MoAI.AI.Core\MoAI.AI.Core.csproj", "{4A854388-55AD-441B-937C-0CB1A8D2BF2A}"
EndProject
Project("{2150E333-8FDC-42A3-9474-1A3956D46DE8}") = "ai_app", "ai_app", "{FA889A85-71A3-4FC3-98C0-4F4232E792F3}"
EndProject
Project("{2150E333-8FDC-42A3-9474-1A3956D46DE8}") = "ai_assistant", "ai_assistant", "{1688FD6A-CE72-47B6-8405-2E9B60C55509}"
EndProject
Project("{FAE04EC0-301F-11D3-BF4B-00C04F79EFBC}") = "MoAI.App.AIAssistant.Shared", "src\ai_app\ai_assistant\MoAI.App.AIAssistant.Shared\MoAI.App.AIAssistant.Shared.csproj", "{E96678C7-E43C-4DF4-BD65-7579FA5E5875}"
EndProject
Project("{FAE04EC0-301F-11D3-BF4B-00C04F79EFBC}") = "MoAI.App.AIAssistant.Core", "src\ai_app\ai_assistant\MoAI.App.AIAssistant.Core\MoAI.App.AIAssistant.Core.csproj", "{55708A84-29F9-41B2-A1C9-60187F260D59}"
EndProject
Project("{FAE04EC0-301F-11D3-BF4B-00C04F79EFBC}") = "MoAI.App.AIAssistant.Api", "src\ai_app\ai_assistant\MoAI.App.AIAssistant.Api\MoAI.App.AIAssistant.Api.csproj", "{CD1CAFD6-5EA9-40A7-8B57-81FE3698D854}"
EndProject
Project("{FAE04EC0-301F-11D3-BF4B-00C04F79EFBC}") = "MoAI.Plugin.NativePlugin", "src\plugin\MoAI.Plugin.NativePlugin\MoAI.Plugin.NativePlugin.csproj", "{2CA2DC70-4B35-4F04-8EE2-ECA263ED2841}"
EndProject
Project("{FAE04EC0-301F-11D3-BF4B-00C04F79EFBC}") = "MoAI.Plugin.Tool", "src\plugin\MoAI.Plugin.Tool\MoAI.Plugin.Tool.csproj", "{FCE95E7E-CD18-4DC4-93A3-C16ED5C9417C}"
EndProject
Project("{FAE04EC0-301F-11D3-BF4B-00C04F79EFBC}") = "MoAI.AI.Kit", "src\ai\MoAI.AI.Kit\MoAI.AI.Kit.csproj", "{C753E82A-851F-4E30-84D6-33F19806D7A8}"
EndProject
Project("{2150E333-8FDC-42A3-9474-1A3956D46DE8}") = "team", "team", "{4C8EA0CF-05EB-4805-874C-B68A8B135A88}"
EndProject
Project("{FAE04EC0-301F-11D3-BF4B-00C04F79EFBC}") = "MoAI.Team.Shared", "src\team\MoAI.Team.Shared\MoAI.Team.Shared.csproj", "{C38712CE-FF8E-4D4F-B69D-0BA9607DB91F}"
EndProject
Project("{FAE04EC0-301F-11D3-BF4B-00C04F79EFBC}") = "MoAI.Team.Api", "src\team\MoAI.Team.Api\MoAI.Team.Api.csproj", "{862F569C-4D2E-4CD2-B836-E696BAB62E99}"
EndProject
Project("{FAE04EC0-301F-11D3-BF4B-00C04F79EFBC}") = "MoAI.Team.Core", "src\team\MoAI.Team.Core\MoAI.Team.Core.csproj", "{9BFA000A-9555-4308-8F6A-20814FAA508E}"
EndProject
Project("{2150E333-8FDC-42A3-9474-1A3956D46DE8}") = "app", "app", "{BC008E05-2229-4542-BF2A-F33E36FF01C9}"
EndProject
Project("{FAE04EC0-301F-11D3-BF4B-00C04F79EFBC}") = "MoAI.App.Shared", "src\app\MoAI.App.Shared\MoAI.App.Shared.csproj", "{13C5A087-FEF9-4324-AC04-5B1BA8894C78}"
EndProject
Project("{FAE04EC0-301F-11D3-BF4B-00C04F79EFBC}") = "MoAI.App.Api", "src\app\MoAI.App.Api\MoAI.App.Api.csproj", "{CFAAB44A-86EA-43C5-9EAB-BBA7D2046E36}"
EndProject
Project("{FAE04EC0-301F-11D3-BF4B-00C04F79EFBC}") = "MoAI.App.Core", "src\app\MoAI.App.Core\MoAI.App.Core.csproj", "{6AF5CF3F-ACA0-41F4-9561-46D260DEB10C}"
EndProject
Project("{2150E333-8FDC-42A3-9474-1A3956D46DE8}") = "External", "External", "{D65C0759-62B2-4C56-8E73-043C3E1BFE1E}"
EndProject
Project("{FAE04EC0-301F-11D3-BF4B-00C04F79EFBC}") = "MoAI.External.Shared", "src\external\MoAI.External.Shared\MoAI.External.Shared.csproj", "{B8DEE720-8D87-4236-BE3A-21C70104A276}"
EndProject
Project("{FAE04EC0-301F-11D3-BF4B-00C04F79EFBC}") = "MoAI.External.Api", "src\external\MoAI.External.Api\MoAI.External.Api.csproj", "{5CCDBCB2-7938-4090-99CF-5060C0858A67}"
EndProject
Project("{FAE04EC0-301F-11D3-BF4B-00C04F79EFBC}") = "MoAI.External.Core", "src\external\MoAI.External.Core\MoAI.External.Core.csproj", "{40844CFA-1384-44F1-8FAA-B93EAF51F400}"
EndProject
Project("{2150E333-8FDC-42A3-9474-1A3956D46DE8}") = "hangfire", "hangfire", "{F584C4D4-5F49-4C51-95E0-983EB9001334}"
EndProject
Project("{FAE04EC0-301F-11D3-BF4B-00C04F79EFBC}") = "MoAI.Hangfire.Shared", "src\hangfire\MoAI.Hangfire.Shared\MoAI.Hangfire.Shared.csproj", "{B10027AC-34BB-46B5-A98D-BE753297D534}"
EndProject
Project("{FAE04EC0-301F-11D3-BF4B-00C04F79EFBC}") = "MoAI.Hangfire.Core", "src\hangfire\MoAI.Hangfire.Core\MoAI.Hangfire.Core.csproj", "{6677A31A-F257-4BC6-A9DD-D3C88D5B0720}"
EndProject
Project("{2150E333-8FDC-42A3-9474-1A3956D46DE8}") = "Apps", "Apps", "{D363AEA3-E000-4E8F-AE20-37B1BDDDD9B3}"
EndProject
Project("{2150E333-8FDC-42A3-9474-1A3956D46DE8}") = "chat", "chat", "{0C6E3234-FB8B-4718-B352-893B9B2D2365}"
EndProject
Project("{2150E333-8FDC-42A3-9474-1A3956D46DE8}") = "Workflow", "Workflow", "{67A7D33C-2B0A-4BD2-9804-39490F361AEA}"
EndProject
Project("{FAE04EC0-301F-11D3-BF4B-00C04F79EFBC}") = "MoAi.App.Chat.Shared", "src\app\apps\chat\MoAi.App.Chat.Shared\MoAi.App.Chat.Shared.csproj", "{A3B8DD96-B425-4BE7-82B4-5DBCE9FB26C6}"
EndProject
Project("{FAE04EC0-301F-11D3-BF4B-00C04F79EFBC}") = "MoAI.App.Chat.Core", "src\app\apps\chat\MoAI.App.Chat.Core\MoAI.App.Chat.Core.csproj", "{9A260A2A-C3B6-4C56-9AB6-072940A54E67}"
EndProject
Project("{FAE04EC0-301F-11D3-BF4B-00C04F79EFBC}") = "MoAI.App.Workflow.Shared", "src\app\apps\workflow\MoAI.App.Workflow.Shared\MoAI.App.Workflow.Shared.csproj", "{8A5E2325-F7E0-4492-99BA-E02BD716CA77}"
EndProject
Project("{FAE04EC0-301F-11D3-BF4B-00C04F79EFBC}") = "MoAI.App.Workflow.Core", "src\app\apps\workflow\MoAI.App.Workflow.Core\MoAI.App.Workflow.Core.csproj", "{C9A1AEAB-5F83-47F0-8730-08D66BAF6C0D}"
EndProject
Global
	GlobalSection(SolutionConfigurationPlatforms) = preSolution
		Debug|Any CPU = Debug|Any CPU
		Release|Any CPU = Release|Any CPU
	EndGlobalSection
	GlobalSection(ProjectConfigurationPlatforms) = postSolution
		{97E951DA-0F14-4665-A8C1-83AC76629522}.Debug|Any CPU.ActiveCfg = Debug|Any CPU
		{97E951DA-0F14-4665-A8C1-83AC76629522}.Debug|Any CPU.Build.0 = Debug|Any CPU
		{97E951DA-0F14-4665-A8C1-83AC76629522}.Release|Any CPU.ActiveCfg = Release|Any CPU
		{97E951DA-0F14-4665-A8C1-83AC76629522}.Release|Any CPU.Build.0 = Release|Any CPU
		{8485660E-313A-3516-D9C6-87D88A776529}.Debug|Any CPU.ActiveCfg = Debug|Any CPU
		{8485660E-313A-3516-D9C6-87D88A776529}.Debug|Any CPU.Build.0 = Debug|Any CPU
		{8485660E-313A-3516-D9C6-87D88A776529}.Release|Any CPU.ActiveCfg = Release|Any CPU
		{8485660E-313A-3516-D9C6-87D88A776529}.Release|Any CPU.Build.0 = Release|Any CPU
		{7BDFD5C4-ACDE-43F6-ACA0-1690F21C7010}.Debug|Any CPU.ActiveCfg = Debug|Any CPU
		{7BDFD5C4-ACDE-43F6-ACA0-1690F21C7010}.Debug|Any CPU.Build.0 = Debug|Any CPU
		{7BDFD5C4-ACDE-43F6-ACA0-1690F21C7010}.Release|Any CPU.ActiveCfg = Release|Any CPU
		{7BDFD5C4-ACDE-43F6-ACA0-1690F21C7010}.Release|Any CPU.Build.0 = Release|Any CPU
		{771C0E77-EBF1-4E09-B3CD-EA453355EA25}.Debug|Any CPU.ActiveCfg = Debug|Any CPU
		{771C0E77-EBF1-4E09-B3CD-EA453355EA25}.Debug|Any CPU.Build.0 = Debug|Any CPU
		{771C0E77-EBF1-4E09-B3CD-EA453355EA25}.Release|Any CPU.ActiveCfg = Release|Any CPU
		{771C0E77-EBF1-4E09-B3CD-EA453355EA25}.Release|Any CPU.Build.0 = Release|Any CPU
		{93EC12A9-D8BF-4939-900A-4C376CEDFA42}.Debug|Any CPU.ActiveCfg = Debug|Any CPU
		{93EC12A9-D8BF-4939-900A-4C376CEDFA42}.Debug|Any CPU.Build.0 = Debug|Any CPU
		{93EC12A9-D8BF-4939-900A-4C376CEDFA42}.Release|Any CPU.ActiveCfg = Release|Any CPU
		{93EC12A9-D8BF-4939-900A-4C376CEDFA42}.Release|Any CPU.Build.0 = Release|Any CPU
		{80963D74-F666-470A-AE80-AFB3450A333B}.Debug|Any CPU.ActiveCfg = Debug|Any CPU
		{80963D74-F666-470A-AE80-AFB3450A333B}.Debug|Any CPU.Build.0 = Debug|Any CPU
		{80963D74-F666-470A-AE80-AFB3450A333B}.Release|Any CPU.ActiveCfg = Release|Any CPU
		{80963D74-F666-470A-AE80-AFB3450A333B}.Release|Any CPU.Build.0 = Release|Any CPU
		{960FDFC9-6B3F-4B39-A9C2-F0022B10B575}.Debug|Any CPU.ActiveCfg = Debug|Any CPU
		{960FDFC9-6B3F-4B39-A9C2-F0022B10B575}.Debug|Any CPU.Build.0 = Debug|Any CPU
		{960FDFC9-6B3F-4B39-A9C2-F0022B10B575}.Release|Any CPU.ActiveCfg = Release|Any CPU
		{960FDFC9-6B3F-4B39-A9C2-F0022B10B575}.Release|Any CPU.Build.0 = Release|Any CPU
		{8A783AF9-30CB-40F6-B0E8-A1A541CD1E6D}.Debug|Any CPU.ActiveCfg = Debug|Any CPU
		{8A783AF9-30CB-40F6-B0E8-A1A541CD1E6D}.Debug|Any CPU.Build.0 = Debug|Any CPU
		{8A783AF9-30CB-40F6-B0E8-A1A541CD1E6D}.Release|Any CPU.ActiveCfg = Release|Any CPU
		{8A783AF9-30CB-40F6-B0E8-A1A541CD1E6D}.Release|Any CPU.Build.0 = Release|Any CPU
		{0088BC11-DBA3-472C-8937-196497E57423}.Debug|Any CPU.ActiveCfg = Debug|Any CPU
		{0088BC11-DBA3-472C-8937-196497E57423}.Debug|Any CPU.Build.0 = Debug|Any CPU
		{0088BC11-DBA3-472C-8937-196497E57423}.Release|Any CPU.ActiveCfg = Release|Any CPU
		{0088BC11-DBA3-472C-8937-196497E57423}.Release|Any CPU.Build.0 = Release|Any CPU
		{3E9ECF99-8B07-4388-82D4-DDE5A186112F}.Debug|Any CPU.ActiveCfg = Debug|Any CPU
		{3E9ECF99-8B07-4388-82D4-DDE5A186112F}.Debug|Any CPU.Build.0 = Debug|Any CPU
		{3E9ECF99-8B07-4388-82D4-DDE5A186112F}.Release|Any CPU.ActiveCfg = Release|Any CPU
		{3E9ECF99-8B07-4388-82D4-DDE5A186112F}.Release|Any CPU.Build.0 = Release|Any CPU
		{02CC9667-8991-4396-BC93-D20E229A9CEB}.Debug|Any CPU.ActiveCfg = Debug|Any CPU
		{02CC9667-8991-4396-BC93-D20E229A9CEB}.Debug|Any CPU.Build.0 = Debug|Any CPU
		{02CC9667-8991-4396-BC93-D20E229A9CEB}.Release|Any CPU.ActiveCfg = Release|Any CPU
		{02CC9667-8991-4396-BC93-D20E229A9CEB}.Release|Any CPU.Build.0 = Release|Any CPU
		{3B74DCBE-891C-4336-BDD5-5815961787FB}.Debug|Any CPU.ActiveCfg = Debug|Any CPU
		{3B74DCBE-891C-4336-BDD5-5815961787FB}.Debug|Any CPU.Build.0 = Debug|Any CPU
		{3B74DCBE-891C-4336-BDD5-5815961787FB}.Release|Any CPU.ActiveCfg = Release|Any CPU
		{3B74DCBE-891C-4336-BDD5-5815961787FB}.Release|Any CPU.Build.0 = Release|Any CPU
		{3CAED798-4394-4CC9-9943-1F585C89D448}.Debug|Any CPU.ActiveCfg = Debug|Any CPU
		{3CAED798-4394-4CC9-9943-1F585C89D448}.Debug|Any CPU.Build.0 = Debug|Any CPU
		{3CAED798-4394-4CC9-9943-1F585C89D448}.Release|Any CPU.ActiveCfg = Release|Any CPU
		{3CAED798-4394-4CC9-9943-1F585C89D448}.Release|Any CPU.Build.0 = Release|Any CPU
		{EB7B9196-82FD-4863-B10A-D52DA58F5BAD}.Debug|Any CPU.ActiveCfg = Debug|Any CPU
		{EB7B9196-82FD-4863-B10A-D52DA58F5BAD}.Debug|Any CPU.Build.0 = Debug|Any CPU
		{EB7B9196-82FD-4863-B10A-D52DA58F5BAD}.Release|Any CPU.ActiveCfg = Release|Any CPU
		{EB7B9196-82FD-4863-B10A-D52DA58F5BAD}.Release|Any CPU.Build.0 = Release|Any CPU
		{9653298A-4C05-4691-A6AE-AE57F05DA67B}.Debug|Any CPU.ActiveCfg = Debug|Any CPU
		{9653298A-4C05-4691-A6AE-AE57F05DA67B}.Debug|Any CPU.Build.0 = Debug|Any CPU
		{9653298A-4C05-4691-A6AE-AE57F05DA67B}.Release|Any CPU.ActiveCfg = Release|Any CPU
		{9653298A-4C05-4691-A6AE-AE57F05DA67B}.Release|Any CPU.Build.0 = Release|Any CPU
		{C0C371F5-B479-40F6-81CE-A753A967E99B}.Debug|Any CPU.ActiveCfg = Debug|Any CPU
		{C0C371F5-B479-40F6-81CE-A753A967E99B}.Debug|Any CPU.Build.0 = Debug|Any CPU
		{C0C371F5-B479-40F6-81CE-A753A967E99B}.Release|Any CPU.ActiveCfg = Release|Any CPU
		{C0C371F5-B479-40F6-81CE-A753A967E99B}.Release|Any CPU.Build.0 = Release|Any CPU
		{D69405DA-FDE6-4811-8B12-A9AA85A514F6}.Debug|Any CPU.ActiveCfg = Debug|Any CPU
		{D69405DA-FDE6-4811-8B12-A9AA85A514F6}.Debug|Any CPU.Build.0 = Debug|Any CPU
		{D69405DA-FDE6-4811-8B12-A9AA85A514F6}.Release|Any CPU.ActiveCfg = Release|Any CPU
		{D69405DA-FDE6-4811-8B12-A9AA85A514F6}.Release|Any CPU.Build.0 = Release|Any CPU
		{7A667D0F-49DD-4003-8E2E-A8090F5D410E}.Debug|Any CPU.ActiveCfg = Debug|Any CPU
		{7A667D0F-49DD-4003-8E2E-A8090F5D410E}.Debug|Any CPU.Build.0 = Debug|Any CPU
		{7A667D0F-49DD-4003-8E2E-A8090F5D410E}.Release|Any CPU.ActiveCfg = Release|Any CPU
		{7A667D0F-49DD-4003-8E2E-A8090F5D410E}.Release|Any CPU.Build.0 = Release|Any CPU
		{4F9E4D8D-7074-42F1-86CD-482200A945AB}.Debug|Any CPU.ActiveCfg = Debug|Any CPU
		{4F9E4D8D-7074-42F1-86CD-482200A945AB}.Debug|Any CPU.Build.0 = Debug|Any CPU
		{4F9E4D8D-7074-42F1-86CD-482200A945AB}.Release|Any CPU.ActiveCfg = Release|Any CPU
		{4F9E4D8D-7074-42F1-86CD-482200A945AB}.Release|Any CPU.Build.0 = Release|Any CPU
		{87C7282C-8F7B-4B5B-B388-BECA33A603A2}.Debug|Any CPU.ActiveCfg = Debug|Any CPU
		{87C7282C-8F7B-4B5B-B388-BECA33A603A2}.Debug|Any CPU.Build.0 = Debug|Any CPU
		{87C7282C-8F7B-4B5B-B388-BECA33A603A2}.Release|Any CPU.ActiveCfg = Release|Any CPU
		{87C7282C-8F7B-4B5B-B388-BECA33A603A2}.Release|Any CPU.Build.0 = Release|Any CPU
		{1C9D7E4F-94E9-4D44-AA61-B516BC406DE9}.Debug|Any CPU.ActiveCfg = Debug|Any CPU
		{1C9D7E4F-94E9-4D44-AA61-B516BC406DE9}.Debug|Any CPU.Build.0 = Debug|Any CPU
		{1C9D7E4F-94E9-4D44-AA61-B516BC406DE9}.Release|Any CPU.ActiveCfg = Release|Any CPU
		{1C9D7E4F-94E9-4D44-AA61-B516BC406DE9}.Release|Any CPU.Build.0 = Release|Any CPU
		{C4753EA1-2C1D-43ED-8FF9-10C7DE7162CC}.Debug|Any CPU.ActiveCfg = Debug|Any CPU
		{C4753EA1-2C1D-43ED-8FF9-10C7DE7162CC}.Debug|Any CPU.Build.0 = Debug|Any CPU
		{C4753EA1-2C1D-43ED-8FF9-10C7DE7162CC}.Release|Any CPU.ActiveCfg = Release|Any CPU
		{C4753EA1-2C1D-43ED-8FF9-10C7DE7162CC}.Release|Any CPU.Build.0 = Release|Any CPU
		{C08B18EF-3862-46BD-8960-819D5A264628}.Debug|Any CPU.ActiveCfg = Debug|Any CPU
		{C08B18EF-3862-46BD-8960-819D5A264628}.Debug|Any CPU.Build.0 = Debug|Any CPU
		{C08B18EF-3862-46BD-8960-819D5A264628}.Release|Any CPU.ActiveCfg = Release|Any CPU
		{C08B18EF-3862-46BD-8960-819D5A264628}.Release|Any CPU.Build.0 = Release|Any CPU
		{0289FDFC-DA54-4370-BB35-200920D05D89}.Debug|Any CPU.ActiveCfg = Debug|Any CPU
		{0289FDFC-DA54-4370-BB35-200920D05D89}.Debug|Any CPU.Build.0 = Debug|Any CPU
		{0289FDFC-DA54-4370-BB35-200920D05D89}.Release|Any CPU.ActiveCfg = Release|Any CPU
		{0289FDFC-DA54-4370-BB35-200920D05D89}.Release|Any CPU.Build.0 = Release|Any CPU
		{CA85CB5A-996D-40FE-A6F9-97C9A0F6AB33}.Debug|Any CPU.ActiveCfg = Debug|Any CPU
		{CA85CB5A-996D-40FE-A6F9-97C9A0F6AB33}.Debug|Any CPU.Build.0 = Debug|Any CPU
		{CA85CB5A-996D-40FE-A6F9-97C9A0F6AB33}.Release|Any CPU.ActiveCfg = Release|Any CPU
		{CA85CB5A-996D-40FE-A6F9-97C9A0F6AB33}.Release|Any CPU.Build.0 = Release|Any CPU
		{6E1C2347-9C9E-44FB-A8C5-6082C3A5498D}.Debug|Any CPU.ActiveCfg = Debug|Any CPU
		{6E1C2347-9C9E-44FB-A8C5-6082C3A5498D}.Debug|Any CPU.Build.0 = Debug|Any CPU
		{6E1C2347-9C9E-44FB-A8C5-6082C3A5498D}.Release|Any CPU.ActiveCfg = Release|Any CPU
		{6E1C2347-9C9E-44FB-A8C5-6082C3A5498D}.Release|Any CPU.Build.0 = Release|Any CPU
		{E6E52B4D-E70F-4B15-982E-5B36AC9AD616}.Debug|Any CPU.ActiveCfg = Debug|Any CPU
		{E6E52B4D-E70F-4B15-982E-5B36AC9AD616}.Debug|Any CPU.Build.0 = Debug|Any CPU
		{E6E52B4D-E70F-4B15-982E-5B36AC9AD616}.Release|Any CPU.ActiveCfg = Release|Any CPU
		{E6E52B4D-E70F-4B15-982E-5B36AC9AD616}.Release|Any CPU.Build.0 = Release|Any CPU
		{40A4A9B3-DDE2-4113-AD4C-6EDA4414BEFF}.Debug|Any CPU.ActiveCfg = Debug|Any CPU
		{40A4A9B3-DDE2-4113-AD4C-6EDA4414BEFF}.Debug|Any CPU.Build.0 = Debug|Any CPU
		{40A4A9B3-DDE2-4113-AD4C-6EDA4414BEFF}.Release|Any CPU.ActiveCfg = Release|Any CPU
		{40A4A9B3-DDE2-4113-AD4C-6EDA4414BEFF}.Release|Any CPU.Build.0 = Release|Any CPU
		{466E2CB1-9663-452B-98F9-BD5DD8189AD6}.Debug|Any CPU.ActiveCfg = Debug|Any CPU
		{466E2CB1-9663-452B-98F9-BD5DD8189AD6}.Debug|Any CPU.Build.0 = Debug|Any CPU
		{466E2CB1-9663-452B-98F9-BD5DD8189AD6}.Release|Any CPU.ActiveCfg = Release|Any CPU
		{466E2CB1-9663-452B-98F9-BD5DD8189AD6}.Release|Any CPU.Build.0 = Release|Any CPU
		{42F35976-1AB5-4A34-A3CD-065B44E8D09E}.Debug|Any CPU.ActiveCfg = Debug|Any CPU
		{42F35976-1AB5-4A34-A3CD-065B44E8D09E}.Debug|Any CPU.Build.0 = Debug|Any CPU
		{42F35976-1AB5-4A34-A3CD-065B44E8D09E}.Release|Any CPU.ActiveCfg = Release|Any CPU
		{42F35976-1AB5-4A34-A3CD-065B44E8D09E}.Release|Any CPU.Build.0 = Release|Any CPU
		{CF5515F7-49F8-4880-B40D-2B31545DF454}.Debug|Any CPU.ActiveCfg = Debug|Any CPU
		{CF5515F7-49F8-4880-B40D-2B31545DF454}.Debug|Any CPU.Build.0 = Debug|Any CPU
		{CF5515F7-49F8-4880-B40D-2B31545DF454}.Release|Any CPU.ActiveCfg = Release|Any CPU
		{CF5515F7-49F8-4880-B40D-2B31545DF454}.Release|Any CPU.Build.0 = Release|Any CPU
		{CEAC1DA2-4AD0-449F-83B2-53EC108F5DC8}.Debug|Any CPU.ActiveCfg = Debug|Any CPU
		{CEAC1DA2-4AD0-449F-83B2-53EC108F5DC8}.Debug|Any CPU.Build.0 = Debug|Any CPU
		{CEAC1DA2-4AD0-449F-83B2-53EC108F5DC8}.Release|Any CPU.ActiveCfg = Release|Any CPU
		{CEAC1DA2-4AD0-449F-83B2-53EC108F5DC8}.Release|Any CPU.Build.0 = Release|Any CPU
		{4AC5A86A-8891-45D9-B224-F3A9A3D7C802}.Debug|Any CPU.ActiveCfg = Debug|Any CPU
		{4AC5A86A-8891-45D9-B224-F3A9A3D7C802}.Debug|Any CPU.Build.0 = Debug|Any CPU
		{4AC5A86A-8891-45D9-B224-F3A9A3D7C802}.Release|Any CPU.ActiveCfg = Release|Any CPU
		{4AC5A86A-8891-45D9-B224-F3A9A3D7C802}.Release|Any CPU.Build.0 = Release|Any CPU
		{3DF4E3D2-0CC9-43CA-BBFA-6A478DFEE15A}.Debug|Any CPU.ActiveCfg = Debug|Any CPU
		{3DF4E3D2-0CC9-43CA-BBFA-6A478DFEE15A}.Debug|Any CPU.Build.0 = Debug|Any CPU
		{3DF4E3D2-0CC9-43CA-BBFA-6A478DFEE15A}.Release|Any CPU.ActiveCfg = Release|Any CPU
		{3DF4E3D2-0CC9-43CA-BBFA-6A478DFEE15A}.Release|Any CPU.Build.0 = Release|Any CPU
		{069F4970-A261-435C-BC6C-34EB75BF45C0}.Debug|Any CPU.ActiveCfg = Debug|Any CPU
		{069F4970-A261-435C-BC6C-34EB75BF45C0}.Debug|Any CPU.Build.0 = Debug|Any CPU
		{069F4970-A261-435C-BC6C-34EB75BF45C0}.Release|Any CPU.ActiveCfg = Release|Any CPU
		{069F4970-A261-435C-BC6C-34EB75BF45C0}.Release|Any CPU.Build.0 = Release|Any CPU
		{3DA08FC5-5D5A-4BCB-94E9-A51DBA6A683B}.Debug|Any CPU.ActiveCfg = Debug|Any CPU
		{3DA08FC5-5D5A-4BCB-94E9-A51DBA6A683B}.Debug|Any CPU.Build.0 = Debug|Any CPU
		{3DA08FC5-5D5A-4BCB-94E9-A51DBA6A683B}.Release|Any CPU.ActiveCfg = Release|Any CPU
		{3DA08FC5-5D5A-4BCB-94E9-A51DBA6A683B}.Release|Any CPU.Build.0 = Release|Any CPU
		{473875C6-A3F2-4398-9A9F-F8C917890B5E}.Debug|Any CPU.ActiveCfg = Debug|Any CPU
		{473875C6-A3F2-4398-9A9F-F8C917890B5E}.Debug|Any CPU.Build.0 = Debug|Any CPU
		{473875C6-A3F2-4398-9A9F-F8C917890B5E}.Release|Any CPU.ActiveCfg = Release|Any CPU
		{473875C6-A3F2-4398-9A9F-F8C917890B5E}.Release|Any CPU.Build.0 = Release|Any CPU
		{66EE0AB8-4BB5-4369-8062-A0BC7CE86407}.Debug|Any CPU.ActiveCfg = Debug|Any CPU
		{66EE0AB8-4BB5-4369-8062-A0BC7CE86407}.Debug|Any CPU.Build.0 = Debug|Any CPU
		{66EE0AB8-4BB5-4369-8062-A0BC7CE86407}.Release|Any CPU.ActiveCfg = Release|Any CPU
		{66EE0AB8-4BB5-4369-8062-A0BC7CE86407}.Release|Any CPU.Build.0 = Release|Any CPU
		{C755B959-B532-4FA8-99F8-D2F1B907555E}.Debug|Any CPU.ActiveCfg = Debug|Any CPU
		{C755B959-B532-4FA8-99F8-D2F1B907555E}.Debug|Any CPU.Build.0 = Debug|Any CPU
		{C755B959-B532-4FA8-99F8-D2F1B907555E}.Release|Any CPU.ActiveCfg = Release|Any CPU
		{C755B959-B532-4FA8-99F8-D2F1B907555E}.Release|Any CPU.Build.0 = Release|Any CPU
		{FE3AA451-D31D-4879-BD9C-05F00D6E1297}.Debug|Any CPU.ActiveCfg = Debug|Any CPU
		{FE3AA451-D31D-4879-BD9C-05F00D6E1297}.Debug|Any CPU.Build.0 = Debug|Any CPU
		{FE3AA451-D31D-4879-BD9C-05F00D6E1297}.Release|Any CPU.ActiveCfg = Release|Any CPU
		{FE3AA451-D31D-4879-BD9C-05F00D6E1297}.Release|Any CPU.Build.0 = Release|Any CPU
		{4A854388-55AD-441B-937C-0CB1A8D2BF2A}.Debug|Any CPU.ActiveCfg = Debug|Any CPU
		{4A854388-55AD-441B-937C-0CB1A8D2BF2A}.Debug|Any CPU.Build.0 = Debug|Any CPU
		{4A854388-55AD-441B-937C-0CB1A8D2BF2A}.Release|Any CPU.ActiveCfg = Release|Any CPU
		{4A854388-55AD-441B-937C-0CB1A8D2BF2A}.Release|Any CPU.Build.0 = Release|Any CPU
		{E96678C7-E43C-4DF4-BD65-7579FA5E5875}.Debug|Any CPU.ActiveCfg = Debug|Any CPU
		{E96678C7-E43C-4DF4-BD65-7579FA5E5875}.Debug|Any CPU.Build.0 = Debug|Any CPU
		{E96678C7-E43C-4DF4-BD65-7579FA5E5875}.Release|Any CPU.ActiveCfg = Release|Any CPU
		{E96678C7-E43C-4DF4-BD65-7579FA5E5875}.Release|Any CPU.Build.0 = Release|Any CPU
		{55708A84-29F9-41B2-A1C9-60187F260D59}.Debug|Any CPU.ActiveCfg = Debug|Any CPU
		{55708A84-29F9-41B2-A1C9-60187F260D59}.Debug|Any CPU.Build.0 = Debug|Any CPU
		{55708A84-29F9-41B2-A1C9-60187F260D59}.Release|Any CPU.ActiveCfg = Release|Any CPU
		{55708A84-29F9-41B2-A1C9-60187F260D59}.Release|Any CPU.Build.0 = Release|Any CPU
		{CD1CAFD6-5EA9-40A7-8B57-81FE3698D854}.Debug|Any CPU.ActiveCfg = Debug|Any CPU
		{CD1CAFD6-5EA9-40A7-8B57-81FE3698D854}.Debug|Any CPU.Build.0 = Debug|Any CPU
		{CD1CAFD6-5EA9-40A7-8B57-81FE3698D854}.Release|Any CPU.ActiveCfg = Release|Any CPU
		{CD1CAFD6-5EA9-40A7-8B57-81FE3698D854}.Release|Any CPU.Build.0 = Release|Any CPU
		{2CA2DC70-4B35-4F04-8EE2-ECA263ED2841}.Debug|Any CPU.ActiveCfg = Debug|Any CPU
		{2CA2DC70-4B35-4F04-8EE2-ECA263ED2841}.Debug|Any CPU.Build.0 = Debug|Any CPU
		{2CA2DC70-4B35-4F04-8EE2-ECA263ED2841}.Release|Any CPU.ActiveCfg = Release|Any CPU
		{2CA2DC70-4B35-4F04-8EE2-ECA263ED2841}.Release|Any CPU.Build.0 = Release|Any CPU
		{FCE95E7E-CD18-4DC4-93A3-C16ED5C9417C}.Debug|Any CPU.ActiveCfg = Debug|Any CPU
		{FCE95E7E-CD18-4DC4-93A3-C16ED5C9417C}.Debug|Any CPU.Build.0 = Debug|Any CPU
		{FCE95E7E-CD18-4DC4-93A3-C16ED5C9417C}.Release|Any CPU.ActiveCfg = Release|Any CPU
		{FCE95E7E-CD18-4DC4-93A3-C16ED5C9417C}.Release|Any CPU.Build.0 = Release|Any CPU
		{C753E82A-851F-4E30-84D6-33F19806D7A8}.Debug|Any CPU.ActiveCfg = Debug|Any CPU
		{C753E82A-851F-4E30-84D6-33F19806D7A8}.Debug|Any CPU.Build.0 = Debug|Any CPU
		{C753E82A-851F-4E30-84D6-33F19806D7A8}.Release|Any CPU.ActiveCfg = Release|Any CPU
		{C753E82A-851F-4E30-84D6-33F19806D7A8}.Release|Any CPU.Build.0 = Release|Any CPU
		{C38712CE-FF8E-4D4F-B69D-0BA9607DB91F}.Debug|Any CPU.ActiveCfg = Debug|Any CPU
		{C38712CE-FF8E-4D4F-B69D-0BA9607DB91F}.Debug|Any CPU.Build.0 = Debug|Any CPU
		{C38712CE-FF8E-4D4F-B69D-0BA9607DB91F}.Release|Any CPU.ActiveCfg = Release|Any CPU
		{C38712CE-FF8E-4D4F-B69D-0BA9607DB91F}.Release|Any CPU.Build.0 = Release|Any CPU
		{862F569C-4D2E-4CD2-B836-E696BAB62E99}.Debug|Any CPU.ActiveCfg = Debug|Any CPU
		{862F569C-4D2E-4CD2-B836-E696BAB62E99}.Debug|Any CPU.Build.0 = Debug|Any CPU
		{862F569C-4D2E-4CD2-B836-E696BAB62E99}.Release|Any CPU.ActiveCfg = Release|Any CPU
		{862F569C-4D2E-4CD2-B836-E696BAB62E99}.Release|Any CPU.Build.0 = Release|Any CPU
		{9BFA000A-9555-4308-8F6A-20814FAA508E}.Debug|Any CPU.ActiveCfg = Debug|Any CPU
		{9BFA000A-9555-4308-8F6A-20814FAA508E}.Debug|Any CPU.Build.0 = Debug|Any CPU
		{9BFA000A-9555-4308-8F6A-20814FAA508E}.Release|Any CPU.ActiveCfg = Release|Any CPU
		{9BFA000A-9555-4308-8F6A-20814FAA508E}.Release|Any CPU.Build.0 = Release|Any CPU
		{13C5A087-FEF9-4324-AC04-5B1BA8894C78}.Debug|Any CPU.ActiveCfg = Debug|Any CPU
		{13C5A087-FEF9-4324-AC04-5B1BA8894C78}.Debug|Any CPU.Build.0 = Debug|Any CPU
		{13C5A087-FEF9-4324-AC04-5B1BA8894C78}.Release|Any CPU.ActiveCfg = Release|Any CPU
		{13C5A087-FEF9-4324-AC04-5B1BA8894C78}.Release|Any CPU.Build.0 = Release|Any CPU
		{CFAAB44A-86EA-43C5-9EAB-BBA7D2046E36}.Debug|Any CPU.ActiveCfg = Debug|Any CPU
		{CFAAB44A-86EA-43C5-9EAB-BBA7D2046E36}.Debug|Any CPU.Build.0 = Debug|Any CPU
		{CFAAB44A-86EA-43C5-9EAB-BBA7D2046E36}.Release|Any CPU.ActiveCfg = Release|Any CPU
		{CFAAB44A-86EA-43C5-9EAB-BBA7D2046E36}.Release|Any CPU.Build.0 = Release|Any CPU
		{6AF5CF3F-ACA0-41F4-9561-46D260DEB10C}.Debug|Any CPU.ActiveCfg = Debug|Any CPU
		{6AF5CF3F-ACA0-41F4-9561-46D260DEB10C}.Debug|Any CPU.Build.0 = Debug|Any CPU
		{6AF5CF3F-ACA0-41F4-9561-46D260DEB10C}.Release|Any CPU.ActiveCfg = Release|Any CPU
		{6AF5CF3F-ACA0-41F4-9561-46D260DEB10C}.Release|Any CPU.Build.0 = Release|Any CPU
		{B8DEE720-8D87-4236-BE3A-21C70104A276}.Debug|Any CPU.ActiveCfg = Debug|Any CPU
		{B8DEE720-8D87-4236-BE3A-21C70104A276}.Debug|Any CPU.Build.0 = Debug|Any CPU
		{B8DEE720-8D87-4236-BE3A-21C70104A276}.Release|Any CPU.ActiveCfg = Release|Any CPU
		{B8DEE720-8D87-4236-BE3A-21C70104A276}.Release|Any CPU.Build.0 = Release|Any CPU
		{5CCDBCB2-7938-4090-99CF-5060C0858A67}.Debug|Any CPU.ActiveCfg = Debug|Any CPU
		{5CCDBCB2-7938-4090-99CF-5060C0858A67}.Debug|Any CPU.Build.0 = Debug|Any CPU
		{5CCDBCB2-7938-4090-99CF-5060C0858A67}.Release|Any CPU.ActiveCfg = Release|Any CPU
		{5CCDBCB2-7938-4090-99CF-5060C0858A67}.Release|Any CPU.Build.0 = Release|Any CPU
		{40844CFA-1384-44F1-8FAA-B93EAF51F400}.Debug|Any CPU.ActiveCfg = Debug|Any CPU
		{40844CFA-1384-44F1-8FAA-B93EAF51F400}.Debug|Any CPU.Build.0 = Debug|Any CPU
		{40844CFA-1384-44F1-8FAA-B93EAF51F400}.Release|Any CPU.ActiveCfg = Release|Any CPU
		{40844CFA-1384-44F1-8FAA-B93EAF51F400}.Release|Any CPU.Build.0 = Release|Any CPU
		{B10027AC-34BB-46B5-A98D-BE753297D534}.Debug|Any CPU.ActiveCfg = Debug|Any CPU
		{B10027AC-34BB-46B5-A98D-BE753297D534}.Debug|Any CPU.Build.0 = Debug|Any CPU
		{B10027AC-34BB-46B5-A98D-BE753297D534}.Release|Any CPU.ActiveCfg = Release|Any CPU
		{B10027AC-34BB-46B5-A98D-BE753297D534}.Release|Any CPU.Build.0 = Release|Any CPU
		{6677A31A-F257-4BC6-A9DD-D3C88D5B0720}.Debug|Any CPU.ActiveCfg = Debug|Any CPU
		{6677A31A-F257-4BC6-A9DD-D3C88D5B0720}.Debug|Any CPU.Build.0 = Debug|Any CPU
		{6677A31A-F257-4BC6-A9DD-D3C88D5B0720}.Release|Any CPU.ActiveCfg = Release|Any CPU
		{6677A31A-F257-4BC6-A9DD-D3C88D5B0720}.Release|Any CPU.Build.0 = Release|Any CPU
		{A3B8DD96-B425-4BE7-82B4-5DBCE9FB26C6}.Debug|Any CPU.ActiveCfg = Debug|Any CPU
		{A3B8DD96-B425-4BE7-82B4-5DBCE9FB26C6}.Debug|Any CPU.Build.0 = Debug|Any CPU
		{A3B8DD96-B425-4BE7-82B4-5DBCE9FB26C6}.Release|Any CPU.ActiveCfg = Release|Any CPU
		{A3B8DD96-B425-4BE7-82B4-5DBCE9FB26C6}.Release|Any CPU.Build.0 = Release|Any CPU
		{9A260A2A-C3B6-4C56-9AB6-072940A54E67}.Debug|Any CPU.ActiveCfg = Debug|Any CPU
		{9A260A2A-C3B6-4C56-9AB6-072940A54E67}.Debug|Any CPU.Build.0 = Debug|Any CPU
		{9A260A2A-C3B6-4C56-9AB6-072940A54E67}.Release|Any CPU.ActiveCfg = Release|Any CPU
		{9A260A2A-C3B6-4C56-9AB6-072940A54E67}.Release|Any CPU.Build.0 = Release|Any CPU
		{8A5E2325-F7E0-4492-99BA-E02BD716CA77}.Debug|Any CPU.ActiveCfg = Debug|Any CPU
		{8A5E2325-F7E0-4492-99BA-E02BD716CA77}.Debug|Any CPU.Build.0 = Debug|Any CPU
		{8A5E2325-F7E0-4492-99BA-E02BD716CA77}.Release|Any CPU.ActiveCfg = Release|Any CPU
		{8A5E2325-F7E0-4492-99BA-E02BD716CA77}.Release|Any CPU.Build.0 = Release|Any CPU
		{C9A1AEAB-5F83-47F0-8730-08D66BAF6C0D}.Debug|Any CPU.ActiveCfg = Debug|Any CPU
		{C9A1AEAB-5F83-47F0-8730-08D66BAF6C0D}.Debug|Any CPU.Build.0 = Debug|Any CPU
		{C9A1AEAB-5F83-47F0-8730-08D66BAF6C0D}.Release|Any CPU.ActiveCfg = Release|Any CPU
		{C9A1AEAB-5F83-47F0-8730-08D66BAF6C0D}.Release|Any CPU.Build.0 = Release|Any CPU
	EndGlobalSection
	GlobalSection(SolutionProperties) = preSolution
		HideSolutionNode = FALSE
	EndGlobalSection
	GlobalSection(NestedProjects) = preSolution
		{0A6758B4-9689-498B-A8A6-EC76CCA22A86} = {821C7B98-83D8-4164-9C89-4C6B27287D33}
		{97E951DA-0F14-4665-A8C1-83AC76629522} = {0A6758B4-9689-498B-A8A6-EC76CCA22A86}
		{8485660E-313A-3516-D9C6-87D88A776529} = {D41D58C8-370B-4BBD-A300-EDA13CC7C99D}
		{39FF9467-EBF6-4E16-97AA-8DECF3517A73} = {821C7B98-83D8-4164-9C89-4C6B27287D33}
		{7BDFD5C4-ACDE-43F6-ACA0-1690F21C7010} = {39FF9467-EBF6-4E16-97AA-8DECF3517A73}
		{771C0E77-EBF1-4E09-B3CD-EA453355EA25} = {0A6758B4-9689-498B-A8A6-EC76CCA22A86}
		{93EC12A9-D8BF-4939-900A-4C376CEDFA42} = {0A6758B4-9689-498B-A8A6-EC76CCA22A86}
		{80963D74-F666-470A-AE80-AFB3450A333B} = {39FF9467-EBF6-4E16-97AA-8DECF3517A73}
		{960FDFC9-6B3F-4B39-A9C2-F0022B10B575} = {39FF9467-EBF6-4E16-97AA-8DECF3517A73}
		{8A783AF9-30CB-40F6-B0E8-A1A541CD1E6D} = {0A6758B4-9689-498B-A8A6-EC76CCA22A86}
		{0088BC11-DBA3-472C-8937-196497E57423} = {0ECCEF61-D0A7-49D6-8E0F-040C0F96764E}
		{0ECCEF61-D0A7-49D6-8E0F-040C0F96764E} = {821C7B98-83D8-4164-9C89-4C6B27287D33}
		{3E9ECF99-8B07-4388-82D4-DDE5A186112F} = {0ECCEF61-D0A7-49D6-8E0F-040C0F96764E}
		{02CC9667-8991-4396-BC93-D20E229A9CEB} = {0ECCEF61-D0A7-49D6-8E0F-040C0F96764E}
		{E4C14166-D84C-475A-8FD9-E570413F35D2} = {821C7B98-83D8-4164-9C89-4C6B27287D33}
		{3CAED798-4394-4CC9-9943-1F585C89D448} = {E4C14166-D84C-475A-8FD9-E570413F35D2}
		{EB7B9196-82FD-4863-B10A-D52DA58F5BAD} = {E4C14166-D84C-475A-8FD9-E570413F35D2}
		{9653298A-4C05-4691-A6AE-AE57F05DA67B} = {E4C14166-D84C-475A-8FD9-E570413F35D2}
		{C0C371F5-B479-40F6-81CE-A753A967E99B} = {E4C14166-D84C-475A-8FD9-E570413F35D2}
		{D69405DA-FDE6-4811-8B12-A9AA85A514F6} = {E4C14166-D84C-475A-8FD9-E570413F35D2}
		{B3374A84-387D-4FD1-98DA-0C0A39C9E7D4} = {821C7B98-83D8-4164-9C89-4C6B27287D33}
		{9D8C4548-6B4C-4C3B-BEA0-B76E228A07CB} = {821C7B98-83D8-4164-9C89-4C6B27287D33}
		{7A667D0F-49DD-4003-8E2E-A8090F5D410E} = {9D8C4548-6B4C-4C3B-BEA0-B76E228A07CB}
		{4F9E4D8D-7074-42F1-86CD-482200A945AB} = {9D8C4548-6B4C-4C3B-BEA0-B76E228A07CB}
		{87C7282C-8F7B-4B5B-B388-BECA33A603A2} = {9D8C4548-6B4C-4C3B-BEA0-B76E228A07CB}
		{AA88CCE9-B014-4A62-B426-9B3196A30E92} = {821C7B98-83D8-4164-9C89-4C6B27287D33}
		{1C9D7E4F-94E9-4D44-AA61-B516BC406DE9} = {AA88CCE9-B014-4A62-B426-9B3196A30E92}
		{C4753EA1-2C1D-43ED-8FF9-10C7DE7162CC} = {AA88CCE9-B014-4A62-B426-9B3196A30E92}
		{C08B18EF-3862-46BD-8960-819D5A264628} = {AA88CCE9-B014-4A62-B426-9B3196A30E92}
		{0289FDFC-DA54-4370-BB35-200920D05D89} = {B3374A84-387D-4FD1-98DA-0C0A39C9E7D4}
		{CA85CB5A-996D-40FE-A6F9-97C9A0F6AB33} = {B3374A84-387D-4FD1-98DA-0C0A39C9E7D4}
		{6E1C2347-9C9E-44FB-A8C5-6082C3A5498D} = {0A6758B4-9689-498B-A8A6-EC76CCA22A86}
		{E6E52B4D-E70F-4B15-982E-5B36AC9AD616} = {B3374A84-387D-4FD1-98DA-0C0A39C9E7D4}
		{40A4A9B3-DDE2-4113-AD4C-6EDA4414BEFF} = {81F267A8-48A6-4F96-AE27-B9EF63315F00}
		{81F267A8-48A6-4F96-AE27-B9EF63315F00} = {821C7B98-83D8-4164-9C89-4C6B27287D33}
		{466E2CB1-9663-452B-98F9-BD5DD8189AD6} = {81F267A8-48A6-4F96-AE27-B9EF63315F00}
		{42F35976-1AB5-4A34-A3CD-065B44E8D09E} = {81F267A8-48A6-4F96-AE27-B9EF63315F00}
		{CF5515F7-49F8-4880-B40D-2B31545DF454} = {69185549-7638-4790-AC75-C5EA24DA70FB}
		{69185549-7638-4790-AC75-C5EA24DA70FB} = {821C7B98-83D8-4164-9C89-4C6B27287D33}
		{CEAC1DA2-4AD0-449F-83B2-53EC108F5DC8} = {69185549-7638-4790-AC75-C5EA24DA70FB}
		{4AC5A86A-8891-45D9-B224-F3A9A3D7C802} = {69185549-7638-4790-AC75-C5EA24DA70FB}
		{FD901AB6-E4C7-4F2E-8CD0-A261A4042B6A} = {821C7B98-83D8-4164-9C89-4C6B27287D33}
		{3DF4E3D2-0CC9-43CA-BBFA-6A478DFEE15A} = {FD901AB6-E4C7-4F2E-8CD0-A261A4042B6A}
		{069F4970-A261-435C-BC6C-34EB75BF45C0} = {FD901AB6-E4C7-4F2E-8CD0-A261A4042B6A}
		{3DA08FC5-5D5A-4BCB-94E9-A51DBA6A683B} = {FD901AB6-E4C7-4F2E-8CD0-A261A4042B6A}
		{5CCD254A-9A42-44FE-8E06-5C7E9D49FBAD} = {821C7B98-83D8-4164-9C89-4C6B27287D33}
		{473875C6-A3F2-4398-9A9F-F8C917890B5E} = {5CCD254A-9A42-44FE-8E06-5C7E9D49FBAD}
		{66EE0AB8-4BB5-4369-8062-A0BC7CE86407} = {5CCD254A-9A42-44FE-8E06-5C7E9D49FBAD}
		{C755B959-B532-4FA8-99F8-D2F1B907555E} = {5CCD254A-9A42-44FE-8E06-5C7E9D49FBAD}
		{5277F86D-5975-4C93-B2E5-9990B4C9577E} = {821C7B98-83D8-4164-9C89-4C6B27287D33}
		{FE3AA451-D31D-4879-BD9C-05F00D6E1297} = {5277F86D-5975-4C93-B2E5-9990B4C9577E}
		{4A854388-55AD-441B-937C-0CB1A8D2BF2A} = {5277F86D-5975-4C93-B2E5-9990B4C9577E}
		{FA889A85-71A3-4FC3-98C0-4F4232E792F3} = {821C7B98-83D8-4164-9C89-4C6B27287D33}
		{1688FD6A-CE72-47B6-8405-2E9B60C55509} = {FA889A85-71A3-4FC3-98C0-4F4232E792F3}
		{E96678C7-E43C-4DF4-BD65-7579FA5E5875} = {1688FD6A-CE72-47B6-8405-2E9B60C55509}
		{55708A84-29F9-41B2-A1C9-60187F260D59} = {1688FD6A-CE72-47B6-8405-2E9B60C55509}
		{CD1CAFD6-5EA9-40A7-8B57-81FE3698D854} = {1688FD6A-CE72-47B6-8405-2E9B60C55509}
		{2CA2DC70-4B35-4F04-8EE2-ECA263ED2841} = {5CCD254A-9A42-44FE-8E06-5C7E9D49FBAD}
		{FCE95E7E-CD18-4DC4-93A3-C16ED5C9417C} = {5CCD254A-9A42-44FE-8E06-5C7E9D49FBAD}
		{C753E82A-851F-4E30-84D6-33F19806D7A8} = {5277F86D-5975-4C93-B2E5-9990B4C9577E}
		{4C8EA0CF-05EB-4805-874C-B68A8B135A88} = {821C7B98-83D8-4164-9C89-4C6B27287D33}
		{C38712CE-FF8E-4D4F-B69D-0BA9607DB91F} = {4C8EA0CF-05EB-4805-874C-B68A8B135A88}
		{862F569C-4D2E-4CD2-B836-E696BAB62E99} = {4C8EA0CF-05EB-4805-874C-B68A8B135A88}
		{9BFA000A-9555-4308-8F6A-20814FAA508E} = {4C8EA0CF-05EB-4805-874C-B68A8B135A88}
		{BC008E05-2229-4542-BF2A-F33E36FF01C9} = {821C7B98-83D8-4164-9C89-4C6B27287D33}
		{13C5A087-FEF9-4324-AC04-5B1BA8894C78} = {BC008E05-2229-4542-BF2A-F33E36FF01C9}
		{CFAAB44A-86EA-43C5-9EAB-BBA7D2046E36} = {BC008E05-2229-4542-BF2A-F33E36FF01C9}
		{6AF5CF3F-ACA0-41F4-9561-46D260DEB10C} = {BC008E05-2229-4542-BF2A-F33E36FF01C9}
		{D65C0759-62B2-4C56-8E73-043C3E1BFE1E} = {821C7B98-83D8-4164-9C89-4C6B27287D33}
		{B8DEE720-8D87-4236-BE3A-21C70104A276} = {D65C0759-62B2-4C56-8E73-043C3E1BFE1E}
		{5CCDBCB2-7938-4090-99CF-5060C0858A67} = {D65C0759-62B2-4C56-8E73-043C3E1BFE1E}
		{40844CFA-1384-44F1-8FAA-B93EAF51F400} = {D65C0759-62B2-4C56-8E73-043C3E1BFE1E}
		{F584C4D4-5F49-4C51-95E0-983EB9001334} = {821C7B98-83D8-4164-9C89-4C6B27287D33}
		{B10027AC-34BB-46B5-A98D-BE753297D534} = {F584C4D4-5F49-4C51-95E0-983EB9001334}
		{6677A31A-F257-4BC6-A9DD-D3C88D5B0720} = {F584C4D4-5F49-4C51-95E0-983EB9001334}
		{D363AEA3-E000-4E8F-AE20-37B1BDDDD9B3} = {BC008E05-2229-4542-BF2A-F33E36FF01C9}
		{0C6E3234-FB8B-4718-B352-893B9B2D2365} = {D363AEA3-E000-4E8F-AE20-37B1BDDDD9B3}
		{67A7D33C-2B0A-4BD2-9804-39490F361AEA} = {D363AEA3-E000-4E8F-AE20-37B1BDDDD9B3}
		{A3B8DD96-B425-4BE7-82B4-5DBCE9FB26C6} = {0C6E3234-FB8B-4718-B352-893B9B2D2365}
		{9A260A2A-C3B6-4C56-9AB6-072940A54E67} = {0C6E3234-FB8B-4718-B352-893B9B2D2365}
		{8A5E2325-F7E0-4492-99BA-E02BD716CA77} = {67A7D33C-2B0A-4BD2-9804-39490F361AEA}
		{C9A1AEAB-5F83-47F0-8730-08D66BAF6C0D} = {67A7D33C-2B0A-4BD2-9804-39490F361AEA}
	EndGlobalSection
	GlobalSection(ExtensibilityGlobals) = postSolution
		SolutionGuid = {B16D43C7-ED65-4A2E-9AE5-F3660DDC7334}
	EndGlobalSection
EndGlobal
