
Microsoft Visual Studio Solution File, Format Version 12.00
# Visual Studio Version 18
VisualStudioVersion = 18.0.11205.157
MinimumVisualStudioVersion = 10.0.40219.1
Project("{2150E333-8FDC-42A3-9474-1A3956D46DE8}") = "Solution Items", "Solution Items", "{02EA681E-C7D8-13C7-8484-4AC65E1B71E8}"
	ProjectSection(SolutionItems) = preProject
		.editorconfig = .editorconfig
		code-analysis.props = code-analysis.props
		Directory.Build.props = Directory.Build.props
		Directory.Packages.props = Directory.Packages.props
		LICENSE.txt = LICENSE.txt
		README.md = README.md
		stylecop.json = stylecop.json
	EndProjectSection
EndProject
Project("{2150E333-8FDC-42A3-9474-1A3956D46DE8}") = "infra", "infra", "{0A6758B4-9689-498B-A8A6-EC76CCA22A86}"
EndProject
Project("{FAE04EC0-301F-11D3-BF4B-00C04F79EFBC}") = "MoAI.Infra.Shared", "src\infra\MoAI.Infra.Shared\MoAI.Infra.Shared.csproj", "{97E951DA-0F14-4665-A8C1-83AC76629522}"
EndProject
Project("{2150E333-8FDC-42A3-9474-1A3956D46DE8}") = "tool", "tool", "{D41D58C8-370B-4BBD-A300-EDA13CC7C99D}"
EndProject
Project("{2150E333-8FDC-42A3-9474-1A3956D46DE8}") = "database", "database", "{39FF9467-EBF6-4E16-97AA-8DECF3517A73}"
EndProject
Project("{FAE04EC0-301F-11D3-BF4B-00C04F79EFBC}") = "MoAI.Database.Shared", "src\database\MoAI.Database.Shared\MoAI.Database.Shared.csproj", "{7BDFD5C4-ACDE-43F6-ACA0-1690F21C7010}"
EndProject
Project("{FAE04EC0-301F-11D3-BF4B-00C04F79EFBC}") = "MoAI.Infra.Configuration", "src\infra\MoAI.Infra.Configuration.Shared\MoAI.Infra.Configuration.csproj", "{771C0E77-EBF1-4E09-B3CD-EA453355EA25}"
EndProject
Project("{FAE04EC0-301F-11D3-BF4B-00C04F79EFBC}") = "MoAI.Infra.Core", "src\infra\MoAI.Infra.Core\MoAI.Infra.Core.csproj", "{93EC12A9-D8BF-4939-900A-4C376CEDFA42}"
EndProject
Project("{FAE04EC0-301F-11D3-BF4B-00C04F79EFBC}") = "MoAI.Database.Core", "src\database\MoAI.Database.Core\MoAI.Database.Core.csproj", "{80963D74-F666-470A-AE80-AFB3450A333B}"
EndProject
Project("{FAE04EC0-301F-11D3-BF4B-00C04F79EFBC}") = "MoAI.Infra.Api", "src\infra\MoAI.Infra.Api\MoAI.Infra.Api.csproj", "{8A783AF9-30CB-40F6-B0E8-A1A541CD1E6D}"
EndProject
Project("{FAE04EC0-301F-11D3-BF4B-00C04F79EFBC}") = "MoAI.Common.Shared", "src\common\MoAI.Common.Shared\MoAI.Common.Shared.csproj", "{0088BC11-DBA3-472C-8937-196497E57423}"
EndProject
Project("{2150E333-8FDC-42A3-9474-1A3956D46DE8}") = "common", "common", "{0ECCEF61-D0A7-49D6-8E0F-040C0F96764E}"
EndProject
Project("{FAE04EC0-301F-11D3-BF4B-00C04F79EFBC}") = "MoAI.Common.Api", "src\common\MoAI.Common.Api\MoAI.Common.Api.csproj", "{3E9ECF99-8B07-4388-82D4-DDE5A186112F}"
EndProject
Project("{FAE04EC0-301F-11D3-BF4B-00C04F79EFBC}") = "MoAI.Common.Core", "src\common\MoAI.Common.Core\MoAI.Common.Core.csproj", "{02CC9667-8991-4396-BC93-D20E229A9CEB}"
EndProject
Project("{FAE04EC0-301F-11D3-BF4B-00C04F79EFBC}") = "MoAI", "src\MoAI\MoAI.csproj", "{3B74DCBE-891C-4336-BDD5-5815961787FB}"
EndProject
Project("{2150E333-8FDC-42A3-9474-1A3956D46DE8}") = "storage", "storage", "{E4C14166-D84C-475A-8FD9-E570413F35D2}"
EndProject
Project("{FAE04EC0-301F-11D3-BF4B-00C04F79EFBC}") = "MoAI.Storage.Shared", "src\storage\MoAI.Storage.Shared\MoAI.Storage.Shared.csproj", "{3CAED798-4394-4CC9-9943-1F585C89D448}"
EndProject
Project("{FAE04EC0-301F-11D3-BF4B-00C04F79EFBC}") = "MoAI.Storage.Core", "src\storage\MoAI.Storage.Core\MoAI.Storage.Core.csproj", "{9653298A-4C05-4691-A6AE-AE57F05DA67B}"
EndProject
Project("{FAE04EC0-301F-11D3-BF4B-00C04F79EFBC}") = "MoAI.Storage.S3", "src\storage\MoAI.Storage.S3\MoAI.Storage.S3.csproj", "{C0C371F5-B479-40F6-81CE-A753A967E99B}"
EndProject
Project("{2150E333-8FDC-42A3-9474-1A3956D46DE8}") = "auth", "auth", "{9D8C4548-6B4C-4C3B-BEA0-B76E228A07CB}"
EndProject
Project("{FAE04EC0-301F-11D3-BF4B-00C04F79EFBC}") = "MoAI.Auth.Shared", "src\auth\MoAI.Auth.Shared\MoAI.Auth.Shared.csproj", "{7A667D0F-49DD-4003-8E2E-A8090F5D410E}"
EndProject
Project("{FAE04EC0-301F-11D3-BF4B-00C04F79EFBC}") = "MoAI.Auth.Core", "src\auth\MoAI.Auth.Core\MoAI.Auth.Core.csproj", "{4F9E4D8D-7074-42F1-86CD-482200A945AB}"
EndProject
Project("{FAE04EC0-301F-11D3-BF4B-00C04F79EFBC}") = "MoAI.Auth.Api", "src\auth\MoAI.Auth.Api\MoAI.Auth.Api.csproj", "{87C7282C-8F7B-4B5B-B388-BECA33A603A2}"
EndProject
Project("{2150E333-8FDC-42A3-9474-1A3956D46DE8}") = "account", "account", "{DC89A03B-58C1-4F5A-9E2B-3A6D4C51B8E7}"
EndProject
Project("{FAE04EC0-301F-11D3-BF4B-00C04F79EFBC}") = "MoAI.Account.Shared", "src\account\MoAI.Account.Shared\MoAI.Account.Shared.csproj", "{E64192CE-0CF2-4BDE-AF89-F326D5E32110}"
EndProject
Project("{FAE04EC0-301F-11D3-BF4B-00C04F79EFBC}") = "MoAI.Account.Core", "src\account\MoAI.Account.Core\MoAI.Account.Core.csproj", "{3DB30B6E-667A-4CE1-A713-BD92DEB48FD5}"
EndProject
Project("{FAE04EC0-301F-11D3-BF4B-00C04F79EFBC}") = "MoAI.Account.Api", "src\account\MoAI.Account.Api\MoAI.Account.Api.csproj", "{A224C824-DD20-46EF-B4AF-3FB90E014875}"
EndProject
Project("{2150E333-8FDC-42A3-9474-1A3956D46DE8}") = "settings", "settings", "{666E2BDD-2F14-41D3-B860-5DA35A5930E6}"
EndProject
Project("{FAE04EC0-301F-11D3-BF4B-00C04F79EFBC}") = "MoAI.Settings.Shared", "src\settings\MoAI.Settings.Shared\MoAI.Settings.Shared.csproj", "{EC980110-50A3-4F85-BBC9-FC12BCCB8652}"
EndProject
Project("{FAE04EC0-301F-11D3-BF4B-00C04F79EFBC}") = "MoAI.Settings.Core", "src\settings\MoAI.Settings.Core\MoAI.Settings.Core.csproj", "{A2561949-5FC7-460F-B25B-35E1A38C0287}"
EndProject
Project("{FAE04EC0-301F-11D3-BF4B-00C04F79EFBC}") = "MoAI.Settings.Api", "src\settings\MoAI.Settings.Api\MoAI.Settings.Api.csproj", "{7604BF93-CD1B-4E0D-9E10-4B0F83FB2A83}"
EndProject
Project("{2150E333-8FDC-42A3-9474-1A3956D46DE8}") = "src", "src", "{821C7B98-83D8-4164-9C89-4C6B27287D33}"
EndProject
Project("{FAE04EC0-301F-11D3-BF4B-00C04F79EFBC}") = "MoAI.Infra.ExternalHttp", "src\infra\MoAI.Infra.ExternalHttp\MoAI.Infra.ExternalHttp.csproj", "{6E1C2347-9C9E-44FB-A8C5-6082C3A5498D}"
EndProject
Project("{2150E333-8FDC-42A3-9474-1A3956D46DE8}") = "hangfire", "hangfire", "{F584C4D4-5F49-4C51-95E0-983EB9001334}"
EndProject
Project("{FAE04EC0-301F-11D3-BF4B-00C04F79EFBC}") = "MoAI.Hangfire.Shared", "src\hangfire\MoAI.Hangfire.Shared\MoAI.Hangfire.Shared.csproj", "{B10027AC-34BB-46B5-A98D-BE753297D534}"
EndProject
Project("{FAE04EC0-301F-11D3-BF4B-00C04F79EFBC}") = "MoAI.Hangfire.Core", "src\hangfire\MoAI.Hangfire.Core\MoAI.Hangfire.Core.csproj", "{6677A31A-F257-4BC6-A9DD-D3C88D5B0720}"
EndProject
Project("{FAE04EC0-301F-11D3-BF4B-00C04F79EFBC}") = "MoAI.Database.Postgres", "src\database\MoAI.Database.Postgres\MoAI.Database.Postgres.csproj", "{74004D02-9B88-4320-A1EA-D4FDC964888D}"
EndProject
Project("{FAE04EC0-301F-11D3-BF4B-00C04F79EFBC}") = "PostgresScaffold", "tool\PostgresScaffold\PostgresScaffold.csproj", "{7B9FFC48-3B0C-4515-A8CC-561F847CDB92}"
EndProject
Project("{2150E333-8FDC-42A3-9474-1A3956D46DE8}") = "oauthconnect", "oauthconnect", "{3CE82593-CA42-3B6F-512C-BB0D58371466}"
EndProject
Project("{FAE04EC0-301F-11D3-BF4B-00C04F79EFBC}") = "MoAI.OauthConnect.Shared", "src\oauthconnect\MoAI.OauthConnect.Shared\MoAI.OauthConnect.Shared.csproj", "{120EA2D7-312D-421D-A32C-E3C4200A413C}"
EndProject
Project("{FAE04EC0-301F-11D3-BF4B-00C04F79EFBC}") = "MoAI.OauthConnect.Core", "src\oauthconnect\MoAI.OauthConnect.Core\MoAI.OauthConnect.Core.csproj", "{C3611598-DDAA-4142-9F0B-940FB83A074B}"
EndProject
Project("{2150E333-8FDC-42A3-9474-1A3956D46DE8}") = "MoAI.Infra.Configuration.Shared", "MoAI.Infra.Configuration.Shared", "{7F74F5D6-BE0C-E9CF-0C0C-31CDF1B7AD0F}"
EndProject
Project("{FAE04EC0-301F-11D3-BF4B-00C04F79EFBC}") = "MoAI.OauthConnect.Api", "src\oauthconnect\MoAI.OauthConnect.Api\MoAI.OauthConnect.Api.csproj", "{1ECCA672-0BB3-4BA1-B281-EC1D006592E9}"
EndProject
Global
	GlobalSection(SolutionConfigurationPlatforms) = preSolution
		Debug|Any CPU = Debug|Any CPU
		Debug|x64 = Debug|x64
		Debug|x86 = Debug|x86
		Release|Any CPU = Release|Any CPU
		Release|x64 = Release|x64
		Release|x86 = Release|x86
	EndGlobalSection
	GlobalSection(ProjectConfigurationPlatforms) = postSolution
		{97E951DA-0F14-4665-A8C1-83AC76629522}.Debug|Any CPU.ActiveCfg = Debug|Any CPU
		{97E951DA-0F14-4665-A8C1-83AC76629522}.Debug|Any CPU.Build.0 = Debug|Any CPU
		{97E951DA-0F14-4665-A8C1-83AC76629522}.Debug|x64.ActiveCfg = Debug|Any CPU
		{97E951DA-0F14-4665-A8C1-83AC76629522}.Debug|x64.Build.0 = Debug|Any CPU
		{97E951DA-0F14-4665-A8C1-83AC76629522}.Debug|x86.ActiveCfg = Debug|Any CPU
		{97E951DA-0F14-4665-A8C1-83AC76629522}.Debug|x86.Build.0 = Debug|Any CPU
		{97E951DA-0F14-4665-A8C1-83AC76629522}.Release|Any CPU.ActiveCfg = Release|Any CPU
		{97E951DA-0F14-4665-A8C1-83AC76629522}.Release|Any CPU.Build.0 = Release|Any CPU
		{97E951DA-0F14-4665-A8C1-83AC76629522}.Release|x64.ActiveCfg = Release|Any CPU
		{97E951DA-0F14-4665-A8C1-83AC76629522}.Release|x64.Build.0 = Release|Any CPU
		{97E951DA-0F14-4665-A8C1-83AC76629522}.Release|x86.ActiveCfg = Release|Any CPU
		{97E951DA-0F14-4665-A8C1-83AC76629522}.Release|x86.Build.0 = Release|Any CPU
		{7BDFD5C4-ACDE-43F6-ACA0-1690F21C7010}.Debug|Any CPU.ActiveCfg = Debug|Any CPU
		{7BDFD5C4-ACDE-43F6-ACA0-1690F21C7010}.Debug|Any CPU.Build.0 = Debug|Any CPU
		{7BDFD5C4-ACDE-43F6-ACA0-1690F21C7010}.Debug|x64.ActiveCfg = Debug|Any CPU
		{7BDFD5C4-ACDE-43F6-ACA0-1690F21C7010}.Debug|x64.Build.0 = Debug|Any CPU
		{7BDFD5C4-ACDE-43F6-ACA0-1690F21C7010}.Debug|x86.ActiveCfg = Debug|Any CPU
		{7BDFD5C4-ACDE-43F6-ACA0-1690F21C7010}.Debug|x86.Build.0 = Debug|Any CPU
		{7BDFD5C4-ACDE-43F6-ACA0-1690F21C7010}.Release|Any CPU.ActiveCfg = Release|Any CPU
		{7BDFD5C4-ACDE-43F6-ACA0-1690F21C7010}.Release|Any CPU.Build.0 = Release|Any CPU
		{7BDFD5C4-ACDE-43F6-ACA0-1690F21C7010}.Release|x64.ActiveCfg = Release|Any CPU
		{7BDFD5C4-ACDE-43F6-ACA0-1690F21C7010}.Release|x64.Build.0 = Release|Any CPU
		{7BDFD5C4-ACDE-43F6-ACA0-1690F21C7010}.Release|x86.ActiveCfg = Release|Any CPU
		{7BDFD5C4-ACDE-43F6-ACA0-1690F21C7010}.Release|x86.Build.0 = Release|Any CPU
		{771C0E77-EBF1-4E09-B3CD-EA453355EA25}.Debug|Any CPU.ActiveCfg = Debug|Any CPU
		{771C0E77-EBF1-4E09-B3CD-EA453355EA25}.Debug|Any CPU.Build.0 = Debug|Any CPU
		{771C0E77-EBF1-4E09-B3CD-EA453355EA25}.Debug|x64.ActiveCfg = Debug|Any CPU
		{771C0E77-EBF1-4E09-B3CD-EA453355EA25}.Debug|x64.Build.0 = Debug|Any CPU
		{771C0E77-EBF1-4E09-B3CD-EA453355EA25}.Debug|x86.ActiveCfg = Debug|Any CPU
		{771C0E77-EBF1-4E09-B3CD-EA453355EA25}.Debug|x86.Build.0 = Debug|Any CPU
		{771C0E77-EBF1-4E09-B3CD-EA453355EA25}.Release|Any CPU.ActiveCfg = Release|Any CPU
		{771C0E77-EBF1-4E09-B3CD-EA453355EA25}.Release|Any CPU.Build.0 = Release|Any CPU
		{771C0E77-EBF1-4E09-B3CD-EA453355EA25}.Release|x64.ActiveCfg = Release|Any CPU
		{771C0E77-EBF1-4E09-B3CD-EA453355EA25}.Release|x64.Build.0 = Release|Any CPU
		{771C0E77-EBF1-4E09-B3CD-EA453355EA25}.Release|x86.ActiveCfg = Release|Any CPU
		{771C0E77-EBF1-4E09-B3CD-EA453355EA25}.Release|x86.Build.0 = Release|Any CPU
		{93EC12A9-D8BF-4939-900A-4C376CEDFA42}.Debug|Any CPU.ActiveCfg = Debug|Any CPU
		{93EC12A9-D8BF-4939-900A-4C376CEDFA42}.Debug|Any CPU.Build.0 = Debug|Any CPU
		{93EC12A9-D8BF-4939-900A-4C376CEDFA42}.Debug|x64.ActiveCfg = Debug|Any CPU
		{93EC12A9-D8BF-4939-900A-4C376CEDFA42}.Debug|x64.Build.0 = Debug|Any CPU
		{93EC12A9-D8BF-4939-900A-4C376CEDFA42}.Debug|x86.ActiveCfg = Debug|Any CPU
		{93EC12A9-D8BF-4939-900A-4C376CEDFA42}.Debug|x86.Build.0 = Debug|Any CPU
		{93EC12A9-D8BF-4939-900A-4C376CEDFA42}.Release|Any CPU.ActiveCfg = Release|Any CPU
		{93EC12A9-D8BF-4939-900A-4C376CEDFA42}.Release|Any CPU.Build.0 = Release|Any CPU
		{93EC12A9-D8BF-4939-900A-4C376CEDFA42}.Release|x64.ActiveCfg = Release|Any CPU
		{93EC12A9-D8BF-4939-900A-4C376CEDFA42}.Release|x64.Build.0 = Release|Any CPU
		{93EC12A9-D8BF-4939-900A-4C376CEDFA42}.Release|x86.ActiveCfg = Release|Any CPU
		{93EC12A9-D8BF-4939-900A-4C376CEDFA42}.Release|x86.Build.0 = Release|Any CPU
		{80963D74-F666-470A-AE80-AFB3450A333B}.Debug|Any CPU.ActiveCfg = Debug|Any CPU
		{80963D74-F666-470A-AE80-AFB3450A333B}.Debug|Any CPU.Build.0 = Debug|Any CPU
		{80963D74-F666-470A-AE80-AFB3450A333B}.Debug|x64.ActiveCfg = Debug|Any CPU
		{80963D74-F666-470A-AE80-AFB3450A333B}.Debug|x64.Build.0 = Debug|Any CPU
		{80963D74-F666-470A-AE80-AFB3450A333B}.Debug|x86.ActiveCfg = Debug|Any CPU
		{80963D74-F666-470A-AE80-AFB3450A333B}.Debug|x86.Build.0 = Debug|Any CPU
		{80963D74-F666-470A-AE80-AFB3450A333B}.Release|Any CPU.ActiveCfg = Release|Any CPU
		{80963D74-F666-470A-AE80-AFB3450A333B}.Release|Any CPU.Build.0 = Release|Any CPU
		{80963D74-F666-470A-AE80-AFB3450A333B}.Release|x64.ActiveCfg = Release|Any CPU
		{80963D74-F666-470A-AE80-AFB3450A333B}.Release|x64.Build.0 = Release|Any CPU
		{80963D74-F666-470A-AE80-AFB3450A333B}.Release|x86.ActiveCfg = Release|Any CPU
		{80963D74-F666-470A-AE80-AFB3450A333B}.Release|x86.Build.0 = Release|Any CPU
		{8A783AF9-30CB-40F6-B0E8-A1A541CD1E6D}.Debug|Any CPU.ActiveCfg = Debug|Any CPU
		{8A783AF9-30CB-40F6-B0E8-A1A541CD1E6D}.Debug|Any CPU.Build.0 = Debug|Any CPU
		{8A783AF9-30CB-40F6-B0E8-A1A541CD1E6D}.Debug|x64.ActiveCfg = Debug|Any CPU
		{8A783AF9-30CB-40F6-B0E8-A1A541CD1E6D}.Debug|x64.Build.0 = Debug|Any CPU
		{8A783AF9-30CB-40F6-B0E8-A1A541CD1E6D}.Debug|x86.ActiveCfg = Debug|Any CPU
		{8A783AF9-30CB-40F6-B0E8-A1A541CD1E6D}.Debug|x86.Build.0 = Debug|Any CPU
		{8A783AF9-30CB-40F6-B0E8-A1A541CD1E6D}.Release|Any CPU.ActiveCfg = Release|Any CPU
		{8A783AF9-30CB-40F6-B0E8-A1A541CD1E6D}.Release|Any CPU.Build.0 = Release|Any CPU
		{8A783AF9-30CB-40F6-B0E8-A1A541CD1E6D}.Release|x64.ActiveCfg = Release|Any CPU
		{8A783AF9-30CB-40F6-B0E8-A1A541CD1E6D}.Release|x64.Build.0 = Release|Any CPU
		{8A783AF9-30CB-40F6-B0E8-A1A541CD1E6D}.Release|x86.ActiveCfg = Release|Any CPU
		{8A783AF9-30CB-40F6-B0E8-A1A541CD1E6D}.Release|x86.Build.0 = Release|Any CPU
		{0088BC11-DBA3-472C-8937-196497E57423}.Debug|Any CPU.ActiveCfg = Debug|Any CPU
		{0088BC11-DBA3-472C-8937-196497E57423}.Debug|Any CPU.Build.0 = Debug|Any CPU
		{0088BC11-DBA3-472C-8937-196497E57423}.Debug|x64.ActiveCfg = Debug|Any CPU
		{0088BC11-DBA3-472C-8937-196497E57423}.Debug|x64.Build.0 = Debug|Any CPU
		{0088BC11-DBA3-472C-8937-196497E57423}.Debug|x86.ActiveCfg = Debug|Any CPU
		{0088BC11-DBA3-472C-8937-196497E57423}.Debug|x86.Build.0 = Debug|Any CPU
		{0088BC11-DBA3-472C-8937-196497E57423}.Release|Any CPU.ActiveCfg = Release|Any CPU
		{0088BC11-DBA3-472C-8937-196497E57423}.Release|Any CPU.Build.0 = Release|Any CPU
		{0088BC11-DBA3-472C-8937-196497E57423}.Release|x64.ActiveCfg = Release|Any CPU
		{0088BC11-DBA3-472C-8937-196497E57423}.Release|x64.Build.0 = Release|Any CPU
		{0088BC11-DBA3-472C-8937-196497E57423}.Release|x86.ActiveCfg = Release|Any CPU
		{0088BC11-DBA3-472C-8937-196497E57423}.Release|x86.Build.0 = Release|Any CPU
		{3E9ECF99-8B07-4388-82D4-DDE5A186112F}.Debug|Any CPU.ActiveCfg = Debug|Any CPU
		{3E9ECF99-8B07-4388-82D4-DDE5A186112F}.Debug|Any CPU.Build.0 = Debug|Any CPU
		{3E9ECF99-8B07-4388-82D4-DDE5A186112F}.Debug|x64.ActiveCfg = Debug|Any CPU
		{3E9ECF99-8B07-4388-82D4-DDE5A186112F}.Debug|x64.Build.0 = Debug|Any CPU
		{3E9ECF99-8B07-4388-82D4-DDE5A186112F}.Debug|x86.ActiveCfg = Debug|Any CPU
		{3E9ECF99-8B07-4388-82D4-DDE5A186112F}.Debug|x86.Build.0 = Debug|Any CPU
		{3E9ECF99-8B07-4388-82D4-DDE5A186112F}.Release|Any CPU.ActiveCfg = Release|Any CPU
		{3E9ECF99-8B07-4388-82D4-DDE5A186112F}.Release|Any CPU.Build.0 = Release|Any CPU
		{3E9ECF99-8B07-4388-82D4-DDE5A186112F}.Release|x64.ActiveCfg = Release|Any CPU
		{3E9ECF99-8B07-4388-82D4-DDE5A186112F}.Release|x64.Build.0 = Release|Any CPU
		{3E9ECF99-8B07-4388-82D4-DDE5A186112F}.Release|x86.ActiveCfg = Release|Any CPU
		{3E9ECF99-8B07-4388-82D4-DDE5A186112F}.Release|x86.Build.0 = Release|Any CPU
		{02CC9667-8991-4396-BC93-D20E229A9CEB}.Debug|Any CPU.ActiveCfg = Debug|Any CPU
		{02CC9667-8991-4396-BC93-D20E229A9CEB}.Debug|Any CPU.Build.0 = Debug|Any CPU
		{02CC9667-8991-4396-BC93-D20E229A9CEB}.Debug|x64.ActiveCfg = Debug|Any CPU
		{02CC9667-8991-4396-BC93-D20E229A9CEB}.Debug|x64.Build.0 = Debug|Any CPU
		{02CC9667-8991-4396-BC93-D20E229A9CEB}.Debug|x86.ActiveCfg = Debug|Any CPU
		{02CC9667-8991-4396-BC93-D20E229A9CEB}.Debug|x86.Build.0 = Debug|Any CPU
		{02CC9667-8991-4396-BC93-D20E229A9CEB}.Release|Any CPU.ActiveCfg = Release|Any CPU
		{02CC9667-8991-4396-BC93-D20E229A9CEB}.Release|Any CPU.Build.0 = Release|Any CPU
		{02CC9667-8991-4396-BC93-D20E229A9CEB}.Release|x64.ActiveCfg = Release|Any CPU
		{02CC9667-8991-4396-BC93-D20E229A9CEB}.Release|x64.Build.0 = Release|Any CPU
		{02CC9667-8991-4396-BC93-D20E229A9CEB}.Release|x86.ActiveCfg = Release|Any CPU
		{02CC9667-8991-4396-BC93-D20E229A9CEB}.Release|x86.Build.0 = Release|Any CPU
		{3B74DCBE-891C-4336-BDD5-5815961787FB}.Debug|Any CPU.ActiveCfg = Debug|Any CPU
		{3B74DCBE-891C-4336-BDD5-5815961787FB}.Debug|Any CPU.Build.0 = Debug|Any CPU
		{3B74DCBE-891C-4336-BDD5-5815961787FB}.Debug|x64.ActiveCfg = Debug|Any CPU
		{3B74DCBE-891C-4336-BDD5-5815961787FB}.Debug|x64.Build.0 = Debug|Any CPU
		{3B74DCBE-891C-4336-BDD5-5815961787FB}.Debug|x86.ActiveCfg = Debug|Any CPU
		{3B74DCBE-891C-4336-BDD5-5815961787FB}.Debug|x86.Build.0 = Debug|Any CPU
		{3B74DCBE-891C-4336-BDD5-5815961787FB}.Release|Any CPU.ActiveCfg = Release|Any CPU
		{3B74DCBE-891C-4336-BDD5-5815961787FB}.Release|Any CPU.Build.0 = Release|Any CPU
		{3B74DCBE-891C-4336-BDD5-5815961787FB}.Release|x64.ActiveCfg = Release|Any CPU
		{3B74DCBE-891C-4336-BDD5-5815961787FB}.Release|x64.Build.0 = Release|Any CPU
		{3B74DCBE-891C-4336-BDD5-5815961787FB}.Release|x86.ActiveCfg = Release|Any CPU
		{3B74DCBE-891C-4336-BDD5-5815961787FB}.Release|x86.Build.0 = Release|Any CPU
		{3CAED798-4394-4CC9-9943-1F585C89D448}.Debug|Any CPU.ActiveCfg = Debug|Any CPU
		{3CAED798-4394-4CC9-9943-1F585C89D448}.Debug|Any CPU.Build.0 = Debug|Any CPU
		{3CAED798-4394-4CC9-9943-1F585C89D448}.Debug|x64.ActiveCfg = Debug|Any CPU
		{3CAED798-4394-4CC9-9943-1F585C89D448}.Debug|x64.Build.0 = Debug|Any CPU
		{3CAED798-4394-4CC9-9943-1F585C89D448}.Debug|x86.ActiveCfg = Debug|Any CPU
		{3CAED798-4394-4CC9-9943-1F585C89D448}.Debug|x86.Build.0 = Debug|Any CPU
		{3CAED798-4394-4CC9-9943-1F585C89D448}.Release|Any CPU.ActiveCfg = Release|Any CPU
		{3CAED798-4394-4CC9-9943-1F585C89D448}.Release|Any CPU.Build.0 = Release|Any CPU
		{3CAED798-4394-4CC9-9943-1F585C89D448}.Release|x64.ActiveCfg = Release|Any CPU
		{3CAED798-4394-4CC9-9943-1F585C89D448}.Release|x64.Build.0 = Release|Any CPU
		{3CAED798-4394-4CC9-9943-1F585C89D448}.Release|x86.ActiveCfg = Release|Any CPU
		{3CAED798-4394-4CC9-9943-1F585C89D448}.Release|x86.Build.0 = Release|Any CPU
		{9653298A-4C05-4691-A6AE-AE57F05DA67B}.Debug|Any CPU.ActiveCfg = Debug|Any CPU
		{9653298A-4C05-4691-A6AE-AE57F05DA67B}.Debug|Any CPU.Build.0 = Debug|Any CPU
		{9653298A-4C05-4691-A6AE-AE57F05DA67B}.Debug|x64.ActiveCfg = Debug|Any CPU
		{9653298A-4C05-4691-A6AE-AE57F05DA67B}.Debug|x64.Build.0 = Debug|Any CPU
		{9653298A-4C05-4691-A6AE-AE57F05DA67B}.Debug|x86.ActiveCfg = Debug|Any CPU
		{9653298A-4C05-4691-A6AE-AE57F05DA67B}.Debug|x86.Build.0 = Debug|Any CPU
		{9653298A-4C05-4691-A6AE-AE57F05DA67B}.Release|Any CPU.ActiveCfg = Release|Any CPU
		{9653298A-4C05-4691-A6AE-AE57F05DA67B}.Release|Any CPU.Build.0 = Release|Any CPU
		{9653298A-4C05-4691-A6AE-AE57F05DA67B}.Release|x64.ActiveCfg = Release|Any CPU
		{9653298A-4C05-4691-A6AE-AE57F05DA67B}.Release|x64.Build.0 = Release|Any CPU
		{9653298A-4C05-4691-A6AE-AE57F05DA67B}.Release|x86.ActiveCfg = Release|Any CPU
		{9653298A-4C05-4691-A6AE-AE57F05DA67B}.Release|x86.Build.0 = Release|Any CPU
		{C0C371F5-B479-40F6-81CE-A753A967E99B}.Debug|Any CPU.ActiveCfg = Debug|Any CPU
		{C0C371F5-B479-40F6-81CE-A753A967E99B}.Debug|Any CPU.Build.0 = Debug|Any CPU
		{C0C371F5-B479-40F6-81CE-A753A967E99B}.Debug|x64.ActiveCfg = Debug|Any CPU
		{C0C371F5-B479-40F6-81CE-A753A967E99B}.Debug|x64.Build.0 = Debug|Any CPU
		{C0C371F5-B479-40F6-81CE-A753A967E99B}.Debug|x86.ActiveCfg = Debug|Any CPU
		{C0C371F5-B479-40F6-81CE-A753A967E99B}.Debug|x86.Build.0 = Debug|Any CPU
		{C0C371F5-B479-40F6-81CE-A753A967E99B}.Release|Any CPU.ActiveCfg = Release|Any CPU
		{C0C371F5-B479-40F6-81CE-A753A967E99B}.Release|Any CPU.Build.0 = Release|Any CPU
		{C0C371F5-B479-40F6-81CE-A753A967E99B}.Release|x64.ActiveCfg = Release|Any CPU
		{C0C371F5-B479-40F6-81CE-A753A967E99B}.Release|x64.Build.0 = Release|Any CPU
		{C0C371F5-B479-40F6-81CE-A753A967E99B}.Release|x86.ActiveCfg = Release|Any CPU
		{C0C371F5-B479-40F6-81CE-A753A967E99B}.Release|x86.Build.0 = Release|Any CPU
		{7A667D0F-49DD-4003-8E2E-A8090F5D410E}.Debug|Any CPU.ActiveCfg = Debug|Any CPU
		{7A667D0F-49DD-4003-8E2E-A8090F5D410E}.Debug|Any CPU.Build.0 = Debug|Any CPU
		{7A667D0F-49DD-4003-8E2E-A8090F5D410E}.Debug|x64.ActiveCfg = Debug|Any CPU
		{7A667D0F-49DD-4003-8E2E-A8090F5D410E}.Debug|x64.Build.0 = Debug|Any CPU
		{7A667D0F-49DD-4003-8E2E-A8090F5D410E}.Debug|x86.ActiveCfg = Debug|Any CPU
		{7A667D0F-49DD-4003-8E2E-A8090F5D410E}.Debug|x86.Build.0 = Debug|Any CPU
		{7A667D0F-49DD-4003-8E2E-A8090F5D410E}.Release|Any CPU.ActiveCfg = Release|Any CPU
		{7A667D0F-49DD-4003-8E2E-A8090F5D410E}.Release|Any CPU.Build.0 = Release|Any CPU
		{7A667D0F-49DD-4003-8E2E-A8090F5D410E}.Release|x64.ActiveCfg = Release|Any CPU
		{7A667D0F-49DD-4003-8E2E-A8090F5D410E}.Release|x64.Build.0 = Release|Any CPU
		{7A667D0F-49DD-4003-8E2E-A8090F5D410E}.Release|x86.ActiveCfg = Release|Any CPU
		{7A667D0F-49DD-4003-8E2E-A8090F5D410E}.Release|x86.Build.0 = Release|Any CPU
		{4F9E4D8D-7074-42F1-86CD-482200A945AB}.Debug|Any CPU.ActiveCfg = Debug|Any CPU
		{4F9E4D8D-7074-42F1-86CD-482200A945AB}.Debug|Any CPU.Build.0 = Debug|Any CPU
		{4F9E4D8D-7074-42F1-86CD-482200A945AB}.Debug|x64.ActiveCfg = Debug|Any CPU
		{4F9E4D8D-7074-42F1-86CD-482200A945AB}.Debug|x64.Build.0 = Debug|Any CPU
		{4F9E4D8D-7074-42F1-86CD-482200A945AB}.Debug|x86.ActiveCfg = Debug|Any CPU
		{4F9E4D8D-7074-42F1-86CD-482200A945AB}.Debug|x86.Build.0 = Debug|Any CPU
		{4F9E4D8D-7074-42F1-86CD-482200A945AB}.Release|Any CPU.ActiveCfg = Release|Any CPU
		{4F9E4D8D-7074-42F1-86CD-482200A945AB}.Release|Any CPU.Build.0 = Release|Any CPU
		{4F9E4D8D-7074-42F1-86CD-482200A945AB}.Release|x64.ActiveCfg = Release|Any CPU
		{4F9E4D8D-7074-42F1-86CD-482200A945AB}.Release|x64.Build.0 = Release|Any CPU
		{4F9E4D8D-7074-42F1-86CD-482200A945AB}.Release|x86.ActiveCfg = Release|Any CPU
		{4F9E4D8D-7074-42F1-86CD-482200A945AB}.Release|x86.Build.0 = Release|Any CPU
		{87C7282C-8F7B-4B5B-B388-BECA33A603A2}.Debug|Any CPU.ActiveCfg = Debug|Any CPU
		{87C7282C-8F7B-4B5B-B388-BECA33A603A2}.Debug|Any CPU.Build.0 = Debug|Any CPU
		{87C7282C-8F7B-4B5B-B388-BECA33A603A2}.Debug|x64.ActiveCfg = Debug|Any CPU
		{87C7282C-8F7B-4B5B-B388-BECA33A603A2}.Debug|x64.Build.0 = Debug|Any CPU
		{87C7282C-8F7B-4B5B-B388-BECA33A603A2}.Debug|x86.ActiveCfg = Debug|Any CPU
		{87C7282C-8F7B-4B5B-B388-BECA33A603A2}.Debug|x86.Build.0 = Debug|Any CPU
		{87C7282C-8F7B-4B5B-B388-BECA33A603A2}.Release|Any CPU.ActiveCfg = Release|Any CPU
		{87C7282C-8F7B-4B5B-B388-BECA33A603A2}.Release|Any CPU.Build.0 = Release|Any CPU
		{87C7282C-8F7B-4B5B-B388-BECA33A603A2}.Release|x64.ActiveCfg = Release|Any CPU
		{87C7282C-8F7B-4B5B-B388-BECA33A603A2}.Release|x64.Build.0 = Release|Any CPU
		{87C7282C-8F7B-4B5B-B388-BECA33A603A2}.Release|x86.ActiveCfg = Release|Any CPU
		{87C7282C-8F7B-4B5B-B388-BECA33A603A2}.Release|x86.Build.0 = Release|Any CPU
		{E64192CE-0CF2-4BDE-AF89-F326D5E32110}.Debug|Any CPU.ActiveCfg = Debug|Any CPU
		{E64192CE-0CF2-4BDE-AF89-F326D5E32110}.Debug|Any CPU.Build.0 = Debug|Any CPU
		{E64192CE-0CF2-4BDE-AF89-F326D5E32110}.Debug|x64.ActiveCfg = Debug|Any CPU
		{E64192CE-0CF2-4BDE-AF89-F326D5E32110}.Debug|x64.Build.0 = Debug|Any CPU
		{E64192CE-0CF2-4BDE-AF89-F326D5E32110}.Debug|x86.ActiveCfg = Debug|Any CPU
		{E64192CE-0CF2-4BDE-AF89-F326D5E32110}.Debug|x86.Build.0 = Debug|Any CPU
		{E64192CE-0CF2-4BDE-AF89-F326D5E32110}.Release|Any CPU.ActiveCfg = Release|Any CPU
		{E64192CE-0CF2-4BDE-AF89-F326D5E32110}.Release|Any CPU.Build.0 = Release|Any CPU
		{E64192CE-0CF2-4BDE-AF89-F326D5E32110}.Release|x64.ActiveCfg = Release|Any CPU
		{E64192CE-0CF2-4BDE-AF89-F326D5E32110}.Release|x64.Build.0 = Release|Any CPU
		{E64192CE-0CF2-4BDE-AF89-F326D5E32110}.Release|x86.ActiveCfg = Release|Any CPU
		{E64192CE-0CF2-4BDE-AF89-F326D5E32110}.Release|x86.Build.0 = Release|Any CPU
		{3DB30B6E-667A-4CE1-A713-BD92DEB48FD5}.Debug|Any CPU.ActiveCfg = Debug|Any CPU
		{3DB30B6E-667A-4CE1-A713-BD92DEB48FD5}.Debug|Any CPU.Build.0 = Debug|Any CPU
		{3DB30B6E-667A-4CE1-A713-BD92DEB48FD5}.Debug|x64.ActiveCfg = Debug|Any CPU
		{3DB30B6E-667A-4CE1-A713-BD92DEB48FD5}.Debug|x64.Build.0 = Debug|Any CPU
		{3DB30B6E-667A-4CE1-A713-BD92DEB48FD5}.Debug|x86.ActiveCfg = Debug|Any CPU
		{3DB30B6E-667A-4CE1-A713-BD92DEB48FD5}.Debug|x86.Build.0 = Debug|Any CPU
		{3DB30B6E-667A-4CE1-A713-BD92DEB48FD5}.Release|Any CPU.ActiveCfg = Release|Any CPU
		{3DB30B6E-667A-4CE1-A713-BD92DEB48FD5}.Release|Any CPU.Build.0 = Release|Any CPU
		{3DB30B6E-667A-4CE1-A713-BD92DEB48FD5}.Release|x64.ActiveCfg = Release|Any CPU
		{3DB30B6E-667A-4CE1-A713-BD92DEB48FD5}.Release|x64.Build.0 = Release|Any CPU
		{3DB30B6E-667A-4CE1-A713-BD92DEB48FD5}.Release|x86.ActiveCfg = Release|Any CPU
		{3DB30B6E-667A-4CE1-A713-BD92DEB48FD5}.Release|x86.Build.0 = Release|Any CPU
		{A224C824-DD20-46EF-B4AF-3FB90E014875}.Debug|Any CPU.ActiveCfg = Debug|Any CPU
		{A224C824-DD20-46EF-B4AF-3FB90E014875}.Debug|Any CPU.Build.0 = Debug|Any CPU
		{A224C824-DD20-46EF-B4AF-3FB90E014875}.Debug|x64.ActiveCfg = Debug|Any CPU
		{A224C824-DD20-46EF-B4AF-3FB90E014875}.Debug|x64.Build.0 = Debug|Any CPU
		{A224C824-DD20-46EF-B4AF-3FB90E014875}.Debug|x86.ActiveCfg = Debug|Any CPU
		{A224C824-DD20-46EF-B4AF-3FB90E014875}.Debug|x86.Build.0 = Debug|Any CPU
		{A224C824-DD20-46EF-B4AF-3FB90E014875}.Release|Any CPU.ActiveCfg = Release|Any CPU
		{A224C824-DD20-46EF-B4AF-3FB90E014875}.Release|Any CPU.Build.0 = Release|Any CPU
		{A224C824-DD20-46EF-B4AF-3FB90E014875}.Release|x64.ActiveCfg = Release|Any CPU
		{A224C824-DD20-46EF-B4AF-3FB90E014875}.Release|x64.Build.0 = Release|Any CPU
		{A224C824-DD20-46EF-B4AF-3FB90E014875}.Release|x86.ActiveCfg = Release|Any CPU
		{A224C824-DD20-46EF-B4AF-3FB90E014875}.Release|x86.Build.0 = Release|Any CPU
		{EC980110-50A3-4F85-BBC9-FC12BCCB8652}.Debug|Any CPU.ActiveCfg = Debug|Any CPU
		{EC980110-50A3-4F85-BBC9-FC12BCCB8652}.Debug|Any CPU.Build.0 = Debug|Any CPU
		{EC980110-50A3-4F85-BBC9-FC12BCCB8652}.Debug|x64.ActiveCfg = Debug|Any CPU
		{EC980110-50A3-4F85-BBC9-FC12BCCB8652}.Debug|x64.Build.0 = Debug|Any CPU
		{EC980110-50A3-4F85-BBC9-FC12BCCB8652}.Debug|x86.ActiveCfg = Debug|Any CPU
		{EC980110-50A3-4F85-BBC9-FC12BCCB8652}.Debug|x86.Build.0 = Debug|Any CPU
		{EC980110-50A3-4F85-BBC9-FC12BCCB8652}.Release|Any CPU.ActiveCfg = Release|Any CPU
		{EC980110-50A3-4F85-BBC9-FC12BCCB8652}.Release|Any CPU.Build.0 = Release|Any CPU
		{EC980110-50A3-4F85-BBC9-FC12BCCB8652}.Release|x64.ActiveCfg = Release|Any CPU
		{EC980110-50A3-4F85-BBC9-FC12BCCB8652}.Release|x64.Build.0 = Release|Any CPU
		{EC980110-50A3-4F85-BBC9-FC12BCCB8652}.Release|x86.ActiveCfg = Release|Any CPU
		{EC980110-50A3-4F85-BBC9-FC12BCCB8652}.Release|x86.Build.0 = Release|Any CPU
		{A2561949-5FC7-460F-B25B-35E1A38C0287}.Debug|Any CPU.ActiveCfg = Debug|Any CPU
		{A2561949-5FC7-460F-B25B-35E1A38C0287}.Debug|Any CPU.Build.0 = Debug|Any CPU
		{A2561949-5FC7-460F-B25B-35E1A38C0287}.Debug|x64.ActiveCfg = Debug|Any CPU
		{A2561949-5FC7-460F-B25B-35E1A38C0287}.Debug|x64.Build.0 = Debug|Any CPU
		{A2561949-5FC7-460F-B25B-35E1A38C0287}.Debug|x86.ActiveCfg = Debug|Any CPU
		{A2561949-5FC7-460F-B25B-35E1A38C0287}.Debug|x86.Build.0 = Debug|Any CPU
		{A2561949-5FC7-460F-B25B-35E1A38C0287}.Release|Any CPU.ActiveCfg = Release|Any CPU
		{A2561949-5FC7-460F-B25B-35E1A38C0287}.Release|Any CPU.Build.0 = Release|Any CPU
		{A2561949-5FC7-460F-B25B-35E1A38C0287}.Release|x64.ActiveCfg = Release|Any CPU
		{A2561949-5FC7-460F-B25B-35E1A38C0287}.Release|x64.Build.0 = Release|Any CPU
		{A2561949-5FC7-460F-B25B-35E1A38C0287}.Release|x86.ActiveCfg = Release|Any CPU
		{A2561949-5FC7-460F-B25B-35E1A38C0287}.Release|x86.Build.0 = Release|Any CPU
		{7604BF93-CD1B-4E0D-9E10-4B0F83FB2A83}.Debug|Any CPU.ActiveCfg = Debug|Any CPU
		{7604BF93-CD1B-4E0D-9E10-4B0F83FB2A83}.Debug|Any CPU.Build.0 = Debug|Any CPU
		{7604BF93-CD1B-4E0D-9E10-4B0F83FB2A83}.Debug|x64.ActiveCfg = Debug|Any CPU
		{7604BF93-CD1B-4E0D-9E10-4B0F83FB2A83}.Debug|x64.Build.0 = Debug|Any CPU
		{7604BF93-CD1B-4E0D-9E10-4B0F83FB2A83}.Debug|x86.ActiveCfg = Debug|Any CPU
		{7604BF93-CD1B-4E0D-9E10-4B0F83FB2A83}.Debug|x86.Build.0 = Debug|Any CPU
		{7604BF93-CD1B-4E0D-9E10-4B0F83FB2A83}.Release|Any CPU.ActiveCfg = Release|Any CPU
		{7604BF93-CD1B-4E0D-9E10-4B0F83FB2A83}.Release|Any CPU.Build.0 = Release|Any CPU
		{7604BF93-CD1B-4E0D-9E10-4B0F83FB2A83}.Release|x64.ActiveCfg = Release|Any CPU
		{7604BF93-CD1B-4E0D-9E10-4B0F83FB2A83}.Release|x64.Build.0 = Release|Any CPU
		{7604BF93-CD1B-4E0D-9E10-4B0F83FB2A83}.Release|x86.ActiveCfg = Release|Any CPU
		{7604BF93-CD1B-4E0D-9E10-4B0F83FB2A83}.Release|x86.Build.0 = Release|Any CPU
		{6E1C2347-9C9E-44FB-A8C5-6082C3A5498D}.Debug|Any CPU.ActiveCfg = Debug|Any CPU
		{6E1C2347-9C9E-44FB-A8C5-6082C3A5498D}.Debug|Any CPU.Build.0 = Debug|Any CPU
		{6E1C2347-9C9E-44FB-A8C5-6082C3A5498D}.Debug|x64.ActiveCfg = Debug|Any CPU
		{6E1C2347-9C9E-44FB-A8C5-6082C3A5498D}.Debug|x64.Build.0 = Debug|Any CPU
		{6E1C2347-9C9E-44FB-A8C5-6082C3A5498D}.Debug|x86.ActiveCfg = Debug|Any CPU
		{6E1C2347-9C9E-44FB-A8C5-6082C3A5498D}.Debug|x86.Build.0 = Debug|Any CPU
		{6E1C2347-9C9E-44FB-A8C5-6082C3A5498D}.Release|Any CPU.ActiveCfg = Release|Any CPU
		{6E1C2347-9C9E-44FB-A8C5-6082C3A5498D}.Release|Any CPU.Build.0 = Release|Any CPU
		{6E1C2347-9C9E-44FB-A8C5-6082C3A5498D}.Release|x64.ActiveCfg = Release|Any CPU
		{6E1C2347-9C9E-44FB-A8C5-6082C3A5498D}.Release|x64.Build.0 = Release|Any CPU
		{6E1C2347-9C9E-44FB-A8C5-6082C3A5498D}.Release|x86.ActiveCfg = Release|Any CPU
		{6E1C2347-9C9E-44FB-A8C5-6082C3A5498D}.Release|x86.Build.0 = Release|Any CPU
		{B10027AC-34BB-46B5-A98D-BE753297D534}.Debug|Any CPU.ActiveCfg = Debug|Any CPU
		{B10027AC-34BB-46B5-A98D-BE753297D534}.Debug|Any CPU.Build.0 = Debug|Any CPU
		{B10027AC-34BB-46B5-A98D-BE753297D534}.Debug|x64.ActiveCfg = Debug|Any CPU
		{B10027AC-34BB-46B5-A98D-BE753297D534}.Debug|x64.Build.0 = Debug|Any CPU
		{B10027AC-34BB-46B5-A98D-BE753297D534}.Debug|x86.ActiveCfg = Debug|Any CPU
		{B10027AC-34BB-46B5-A98D-BE753297D534}.Debug|x86.Build.0 = Debug|Any CPU
		{B10027AC-34BB-46B5-A98D-BE753297D534}.Release|Any CPU.ActiveCfg = Release|Any CPU
		{B10027AC-34BB-46B5-A98D-BE753297D534}.Release|Any CPU.Build.0 = Release|Any CPU
		{B10027AC-34BB-46B5-A98D-BE753297D534}.Release|x64.ActiveCfg = Release|Any CPU
		{B10027AC-34BB-46B5-A98D-BE753297D534}.Release|x64.Build.0 = Release|Any CPU
		{B10027AC-34BB-46B5-A98D-BE753297D534}.Release|x86.ActiveCfg = Release|Any CPU
		{B10027AC-34BB-46B5-A98D-BE753297D534}.Release|x86.Build.0 = Release|Any CPU
		{6677A31A-F257-4BC6-A9DD-D3C88D5B0720}.Debug|Any CPU.ActiveCfg = Debug|Any CPU
		{6677A31A-F257-4BC6-A9DD-D3C88D5B0720}.Debug|Any CPU.Build.0 = Debug|Any CPU
		{6677A31A-F257-4BC6-A9DD-D3C88D5B0720}.Debug|x64.ActiveCfg = Debug|Any CPU
		{6677A31A-F257-4BC6-A9DD-D3C88D5B0720}.Debug|x64.Build.0 = Debug|Any CPU
		{6677A31A-F257-4BC6-A9DD-D3C88D5B0720}.Debug|x86.ActiveCfg = Debug|Any CPU
		{6677A31A-F257-4BC6-A9DD-D3C88D5B0720}.Debug|x86.Build.0 = Debug|Any CPU
		{6677A31A-F257-4BC6-A9DD-D3C88D5B0720}.Release|Any CPU.ActiveCfg = Release|Any CPU
		{6677A31A-F257-4BC6-A9DD-D3C88D5B0720}.Release|Any CPU.Build.0 = Release|Any CPU
		{6677A31A-F257-4BC6-A9DD-D3C88D5B0720}.Release|x64.ActiveCfg = Release|Any CPU
		{6677A31A-F257-4BC6-A9DD-D3C88D5B0720}.Release|x64.Build.0 = Release|Any CPU
		{6677A31A-F257-4BC6-A9DD-D3C88D5B0720}.Release|x86.ActiveCfg = Release|Any CPU
		{6677A31A-F257-4BC6-A9DD-D3C88D5B0720}.Release|x86.Build.0 = Release|Any CPU
		{74004D02-9B88-4320-A1EA-D4FDC964888D}.Debug|Any CPU.ActiveCfg = Debug|Any CPU
		{74004D02-9B88-4320-A1EA-D4FDC964888D}.Debug|Any CPU.Build.0 = Debug|Any CPU
		{74004D02-9B88-4320-A1EA-D4FDC964888D}.Debug|x64.ActiveCfg = Debug|Any CPU
		{74004D02-9B88-4320-A1EA-D4FDC964888D}.Debug|x64.Build.0 = Debug|Any CPU
		{74004D02-9B88-4320-A1EA-D4FDC964888D}.Debug|x86.ActiveCfg = Debug|Any CPU
		{74004D02-9B88-4320-A1EA-D4FDC964888D}.Debug|x86.Build.0 = Debug|Any CPU
		{74004D02-9B88-4320-A1EA-D4FDC964888D}.Release|Any CPU.ActiveCfg = Release|Any CPU
		{74004D02-9B88-4320-A1EA-D4FDC964888D}.Release|Any CPU.Build.0 = Release|Any CPU
		{74004D02-9B88-4320-A1EA-D4FDC964888D}.Release|x64.ActiveCfg = Release|Any CPU
		{74004D02-9B88-4320-A1EA-D4FDC964888D}.Release|x64.Build.0 = Release|Any CPU
		{74004D02-9B88-4320-A1EA-D4FDC964888D}.Release|x86.ActiveCfg = Release|Any CPU
		{74004D02-9B88-4320-A1EA-D4FDC964888D}.Release|x86.Build.0 = Release|Any CPU
		{7B9FFC48-3B0C-4515-A8CC-561F847CDB92}.Debug|Any CPU.ActiveCfg = Debug|Any CPU
		{7B9FFC48-3B0C-4515-A8CC-561F847CDB92}.Debug|Any CPU.Build.0 = Debug|Any CPU
		{7B9FFC48-3B0C-4515-A8CC-561F847CDB92}.Debug|x64.ActiveCfg = Debug|Any CPU
		{7B9FFC48-3B0C-4515-A8CC-561F847CDB92}.Debug|x64.Build.0 = Debug|Any CPU
		{7B9FFC48-3B0C-4515-A8CC-561F847CDB92}.Debug|x86.ActiveCfg = Debug|Any CPU
		{7B9FFC48-3B0C-4515-A8CC-561F847CDB92}.Debug|x86.Build.0 = Debug|Any CPU
		{7B9FFC48-3B0C-4515-A8CC-561F847CDB92}.Release|Any CPU.ActiveCfg = Release|Any CPU
		{7B9FFC48-3B0C-4515-A8CC-561F847CDB92}.Release|Any CPU.Build.0 = Release|Any CPU
		{7B9FFC48-3B0C-4515-A8CC-561F847CDB92}.Release|x64.ActiveCfg = Release|Any CPU
		{7B9FFC48-3B0C-4515-A8CC-561F847CDB92}.Release|x64.Build.0 = Release|Any CPU
		{7B9FFC48-3B0C-4515-A8CC-561F847CDB92}.Release|x86.ActiveCfg = Release|Any CPU
		{7B9FFC48-3B0C-4515-A8CC-561F847CDB92}.Release|x86.Build.0 = Release|Any CPU
		{120EA2D7-312D-421D-A32C-E3C4200A413C}.Debug|Any CPU.ActiveCfg = Debug|Any CPU
		{120EA2D7-312D-421D-A32C-E3C4200A413C}.Debug|Any CPU.Build.0 = Debug|Any CPU
		{120EA2D7-312D-421D-A32C-E3C4200A413C}.Debug|x64.ActiveCfg = Debug|Any CPU
		{120EA2D7-312D-421D-A32C-E3C4200A413C}.Debug|x64.Build.0 = Debug|Any CPU
		{120EA2D7-312D-421D-A32C-E3C4200A413C}.Debug|x86.ActiveCfg = Debug|Any CPU
		{120EA2D7-312D-421D-A32C-E3C4200A413C}.Debug|x86.Build.0 = Debug|Any CPU
		{120EA2D7-312D-421D-A32C-E3C4200A413C}.Release|Any CPU.ActiveCfg = Release|Any CPU
		{120EA2D7-312D-421D-A32C-E3C4200A413C}.Release|Any CPU.Build.0 = Release|Any CPU
		{120EA2D7-312D-421D-A32C-E3C4200A413C}.Release|x64.ActiveCfg = Release|Any CPU
		{120EA2D7-312D-421D-A32C-E3C4200A413C}.Release|x64.Build.0 = Release|Any CPU
		{120EA2D7-312D-421D-A32C-E3C4200A413C}.Release|x86.ActiveCfg = Release|Any CPU
		{120EA2D7-312D-421D-A32C-E3C4200A413C}.Release|x86.Build.0 = Release|Any CPU
		{C3611598-DDAA-4142-9F0B-940FB83A074B}.Debug|Any CPU.ActiveCfg = Debug|Any CPU
		{C3611598-DDAA-4142-9F0B-940FB83A074B}.Debug|Any CPU.Build.0 = Debug|Any CPU
		{C3611598-DDAA-4142-9F0B-940FB83A074B}.Debug|x64.ActiveCfg = Debug|Any CPU
		{C3611598-DDAA-4142-9F0B-940FB83A074B}.Debug|x64.Build.0 = Debug|Any CPU
		{C3611598-DDAA-4142-9F0B-940FB83A074B}.Debug|x86.ActiveCfg = Debug|Any CPU
		{C3611598-DDAA-4142-9F0B-940FB83A074B}.Debug|x86.Build.0 = Debug|Any CPU
		{C3611598-DDAA-4142-9F0B-940FB83A074B}.Release|Any CPU.ActiveCfg = Release|Any CPU
		{C3611598-DDAA-4142-9F0B-940FB83A074B}.Release|Any CPU.Build.0 = Release|Any CPU
		{C3611598-DDAA-4142-9F0B-940FB83A074B}.Release|x64.ActiveCfg = Release|Any CPU
		{C3611598-DDAA-4142-9F0B-940FB83A074B}.Release|x64.Build.0 = Release|Any CPU
		{C3611598-DDAA-4142-9F0B-940FB83A074B}.Release|x86.ActiveCfg = Release|Any CPU
		{C3611598-DDAA-4142-9F0B-940FB83A074B}.Release|x86.Build.0 = Release|Any CPU
		{1ECCA672-0BB3-4BA1-B281-EC1D006592E9}.Debug|Any CPU.ActiveCfg = Debug|Any CPU
		{1ECCA672-0BB3-4BA1-B281-EC1D006592E9}.Debug|Any CPU.Build.0 = Debug|Any CPU
		{1ECCA672-0BB3-4BA1-B281-EC1D006592E9}.Debug|x64.ActiveCfg = Debug|Any CPU
		{1ECCA672-0BB3-4BA1-B281-EC1D006592E9}.Debug|x64.Build.0 = Debug|Any CPU
		{1ECCA672-0BB3-4BA1-B281-EC1D006592E9}.Debug|x86.ActiveCfg = Debug|Any CPU
		{1ECCA672-0BB3-4BA1-B281-EC1D006592E9}.Debug|x86.Build.0 = Debug|Any CPU
		{1ECCA672-0BB3-4BA1-B281-EC1D006592E9}.Release|Any CPU.ActiveCfg = Release|Any CPU
		{1ECCA672-0BB3-4BA1-B281-EC1D006592E9}.Release|Any CPU.Build.0 = Release|Any CPU
		{1ECCA672-0BB3-4BA1-B281-EC1D006592E9}.Release|x64.ActiveCfg = Release|Any CPU
		{1ECCA672-0BB3-4BA1-B281-EC1D006592E9}.Release|x64.Build.0 = Release|Any CPU
		{1ECCA672-0BB3-4BA1-B281-EC1D006592E9}.Release|x86.ActiveCfg = Release|Any CPU
		{1ECCA672-0BB3-4BA1-B281-EC1D006592E9}.Release|x86.Build.0 = Release|Any CPU
	EndGlobalSection
	GlobalSection(SolutionProperties) = preSolution
		HideSolutionNode = FALSE
	EndGlobalSection
	GlobalSection(NestedProjects) = preSolution
		{0A6758B4-9689-498B-A8A6-EC76CCA22A86} = {821C7B98-83D8-4164-9C89-4C6B27287D33}
		{97E951DA-0F14-4665-A8C1-83AC76629522} = {0A6758B4-9689-498B-A8A6-EC76CCA22A86}
		{39FF9467-EBF6-4E16-97AA-8DECF3517A73} = {821C7B98-83D8-4164-9C89-4C6B27287D33}
		{7BDFD5C4-ACDE-43F6-ACA0-1690F21C7010} = {39FF9467-EBF6-4E16-97AA-8DECF3517A73}
		{771C0E77-EBF1-4E09-B3CD-EA453355EA25} = {0A6758B4-9689-498B-A8A6-EC76CCA22A86}
		{93EC12A9-D8BF-4939-900A-4C376CEDFA42} = {0A6758B4-9689-498B-A8A6-EC76CCA22A86}
		{80963D74-F666-470A-AE80-AFB3450A333B} = {39FF9467-EBF6-4E16-97AA-8DECF3517A73}
		{8A783AF9-30CB-40F6-B0E8-A1A541CD1E6D} = {0A6758B4-9689-498B-A8A6-EC76CCA22A86}
		{0088BC11-DBA3-472C-8937-196497E57423} = {0ECCEF61-D0A7-49D6-8E0F-040C0F96764E}
		{0ECCEF61-D0A7-49D6-8E0F-040C0F96764E} = {821C7B98-83D8-4164-9C89-4C6B27287D33}
		{3E9ECF99-8B07-4388-82D4-DDE5A186112F} = {0ECCEF61-D0A7-49D6-8E0F-040C0F96764E}
		{02CC9667-8991-4396-BC93-D20E229A9CEB} = {0ECCEF61-D0A7-49D6-8E0F-040C0F96764E}
		{E4C14166-D84C-475A-8FD9-E570413F35D2} = {821C7B98-83D8-4164-9C89-4C6B27287D33}
		{3CAED798-4394-4CC9-9943-1F585C89D448} = {E4C14166-D84C-475A-8FD9-E570413F35D2}
		{9653298A-4C05-4691-A6AE-AE57F05DA67B} = {E4C14166-D84C-475A-8FD9-E570413F35D2}
		{C0C371F5-B479-40F6-81CE-A753A967E99B} = {E4C14166-D84C-475A-8FD9-E570413F35D2}
		{9D8C4548-6B4C-4C3B-BEA0-B76E228A07CB} = {821C7B98-83D8-4164-9C89-4C6B27287D33}
		{7A667D0F-49DD-4003-8E2E-A8090F5D410E} = {9D8C4548-6B4C-4C3B-BEA0-B76E228A07CB}
		{4F9E4D8D-7074-42F1-86CD-482200A945AB} = {9D8C4548-6B4C-4C3B-BEA0-B76E228A07CB}
		{87C7282C-8F7B-4B5B-B388-BECA33A603A2} = {9D8C4548-6B4C-4C3B-BEA0-B76E228A07CB}
		{DC89A03B-58C1-4F5A-9E2B-3A6D4C51B8E7} = {821C7B98-83D8-4164-9C89-4C6B27287D33}
		{E64192CE-0CF2-4BDE-AF89-F326D5E32110} = {DC89A03B-58C1-4F5A-9E2B-3A6D4C51B8E7}
		{3DB30B6E-667A-4CE1-A713-BD92DEB48FD5} = {DC89A03B-58C1-4F5A-9E2B-3A6D4C51B8E7}
		{A224C824-DD20-46EF-B4AF-3FB90E014875} = {DC89A03B-58C1-4F5A-9E2B-3A6D4C51B8E7}
		{666E2BDD-2F14-41D3-B860-5DA35A5930E6} = {821C7B98-83D8-4164-9C89-4C6B27287D33}
		{EC980110-50A3-4F85-BBC9-FC12BCCB8652} = {666E2BDD-2F14-41D3-B860-5DA35A5930E6}
		{A2561949-5FC7-460F-B25B-35E1A38C0287} = {666E2BDD-2F14-41D3-B860-5DA35A5930E6}
		{7604BF93-CD1B-4E0D-9E10-4B0F83FB2A83} = {666E2BDD-2F14-41D3-B860-5DA35A5930E6}
		{6E1C2347-9C9E-44FB-A8C5-6082C3A5498D} = {0A6758B4-9689-498B-A8A6-EC76CCA22A86}
		{F584C4D4-5F49-4C51-95E0-983EB9001334} = {821C7B98-83D8-4164-9C89-4C6B27287D33}
		{B10027AC-34BB-46B5-A98D-BE753297D534} = {F584C4D4-5F49-4C51-95E0-983EB9001334}
		{6677A31A-F257-4BC6-A9DD-D3C88D5B0720} = {F584C4D4-5F49-4C51-95E0-983EB9001334}
		{74004D02-9B88-4320-A1EA-D4FDC964888D} = {39FF9467-EBF6-4E16-97AA-8DECF3517A73}
		{7B9FFC48-3B0C-4515-A8CC-561F847CDB92} = {D41D58C8-370B-4BBD-A300-EDA13CC7C99D}
		{3CE82593-CA42-3B6F-512C-BB0D58371466} = {821C7B98-83D8-4164-9C89-4C6B27287D33}
		{120EA2D7-312D-421D-A32C-E3C4200A413C} = {3CE82593-CA42-3B6F-512C-BB0D58371466}
		{C3611598-DDAA-4142-9F0B-940FB83A074B} = {3CE82593-CA42-3B6F-512C-BB0D58371466}
		{7F74F5D6-BE0C-E9CF-0C0C-31CDF1B7AD0F} = {0A6758B4-9689-498B-A8A6-EC76CCA22A86}
		{1ECCA672-0BB3-4BA1-B281-EC1D006592E9} = {3CE82593-CA42-3B6F-512C-BB0D58371466}
	EndGlobalSection
	GlobalSection(ExtensibilityGlobals) = postSolution
		SolutionGuid = {B16D43C7-ED65-4A2E-9AE5-F3660DDC7334}
	EndGlobalSection
EndGlobal
